// !$*UTF8*$!
{
	archiveVersion = 1;
	classes = {
	};
	objectVersion = 46;
	objects = {

/* Begin PBXBuildFile section */
		45264B011F3C7DDB00933C50 /* InputUserGenderTableViewCell.swift in Sources */ = {isa = PBXBuildFile; fileRef = 45264B001F3C7DDB00933C50 /* InputUserGenderTableViewCell.swift */; };
		45264B031F3C7E5B00933C50 /* InputUserDataTableViewCell.swift in Sources */ = {isa = PBXBuildFile; fileRef = 45264B021F3C7E5B00933C50 /* InputUserDataTableViewCell.swift */; };
		45264B6E1F3C857500933C50 /* UserInformationPopupView.swift in Sources */ = {isa = PBXBuildFile; fileRef = 45264B6C1F3C857500933C50 /* UserInformationPopupView.swift */; };
		45264B6F1F3C857500933C50 /* UserInformationPopupView.xib in Resources */ = {isa = PBXBuildFile; fileRef = 45264B6D1F3C857500933C50 /* UserInformationPopupView.xib */; };
		45264B711F3C962E00933C50 /* SlideOutMenu.storyboard in Resources */ = {isa = PBXBuildFile; fileRef = 45264B701F3C962E00933C50 /* SlideOutMenu.storyboard */; };
		45264B751F3C972B00933C50 /* SWRevealViewController.m in Sources */ = {isa = PBXBuildFile; fileRef = 45264B741F3C972B00933C50 /* SWRevealViewController.m */; };
		45264BAD1F3D842500933C50 /* RearUserInfoViewController.swift in Sources */ = {isa = PBXBuildFile; fileRef = 45264BAC1F3D842500933C50 /* RearUserInfoViewController.swift */; };
		45264BAF1F3D85CF00933C50 /* RearProfileImageTableViewCell.swift in Sources */ = {isa = PBXBuildFile; fileRef = 45264BAE1F3D85CF00933C50 /* RearProfileImageTableViewCell.swift */; };
		45264BB11F3D85E900933C50 /* RearSettingTableViewCell.swift in Sources */ = {isa = PBXBuildFile; fileRef = 45264BB01F3D85E900933C50 /* RearSettingTableViewCell.swift */; };
		45264BB31F3D982900933C50 /* ListOfLecture.storyboard in Resources */ = {isa = PBXBuildFile; fileRef = 45264BB21F3D982900933C50 /* ListOfLecture.storyboard */; };
		45264BB51F3D9ADF00933C50 /* ListOfLectureTableViewCell.swift in Sources */ = {isa = PBXBuildFile; fileRef = 45264BB41F3D9ADF00933C50 /* ListOfLectureTableViewCell.swift */; };
		45264BBD1F3DAC5600933C50 /* ListOfLectureViewController.swift in Sources */ = {isa = PBXBuildFile; fileRef = 45264BBC1F3DAC5600933C50 /* ListOfLectureViewController.swift */; };
		45264BBF1F3DB3BD00933C50 /* AssignLecture.storyboard in Resources */ = {isa = PBXBuildFile; fileRef = 45264BBE1F3DB3BD00933C50 /* AssignLecture.storyboard */; };
		45264BC11F3F546B00933C50 /* FAQViewController.swift in Sources */ = {isa = PBXBuildFile; fileRef = 45264BC01F3F546B00933C50 /* FAQViewController.swift */; };
		45264BC41F3F573D00933C50 /* FAQTableViewCell.swift in Sources */ = {isa = PBXBuildFile; fileRef = 45264BC21F3F573D00933C50 /* FAQTableViewCell.swift */; };
		45264BC51F3F573D00933C50 /* FAQTableViewCell.xib in Resources */ = {isa = PBXBuildFile; fileRef = 45264BC31F3F573D00933C50 /* FAQTableViewCell.xib */; };
		45264BC71F3F5A4800933C50 /* FAQViewController.storyboard in Resources */ = {isa = PBXBuildFile; fileRef = 45264BC61F3F5A4800933C50 /* FAQViewController.storyboard */; };
		45A57FA01F357BB0001F5C1A /* DataCenter.swift in Sources */ = {isa = PBXBuildFile; fileRef = 45A57F9F1F357BB0001F5C1A /* DataCenter.swift */; };
		45A57FA21F357BE5001F5C1A /* Main2.storyboard in Resources */ = {isa = PBXBuildFile; fileRef = 45A57FA11F357BE5001F5C1A /* Main2.storyboard */; };
		45A57FA41F357C12001F5C1A /* LogInViewController.swift in Sources */ = {isa = PBXBuildFile; fileRef = 45A57FA31F357C12001F5C1A /* LogInViewController.swift */; };
		45A57FA61F357C1D001F5C1A /* SignUpViewController.swift in Sources */ = {isa = PBXBuildFile; fileRef = 45A57FA51F357C1D001F5C1A /* SignUpViewController.swift */; };
		45A57FA81F357C26001F5C1A /* ChangeUserInfomationViewController.swift in Sources */ = {isa = PBXBuildFile; fileRef = 45A57FA71F357C26001F5C1A /* ChangeUserInfomationViewController.swift */; };
		45A57FAA1F357C45001F5C1A /* SelfDescriptionTableViewCell.swift in Sources */ = {isa = PBXBuildFile; fileRef = 45A57FA91F357C45001F5C1A /* SelfDescriptionTableViewCell.swift */; };
		45A57FAC1F357C4C001F5C1A /* ProfileImageTableViewCell.swift in Sources */ = {isa = PBXBuildFile; fileRef = 45A57FAB1F357C4C001F5C1A /* ProfileImageTableViewCell.swift */; };
		45A57FAE1F357C56001F5C1A /* ProfileTableViewCell.swift in Sources */ = {isa = PBXBuildFile; fileRef = 45A57FAD1F357C56001F5C1A /* ProfileTableViewCell.swift */; };
		45A57FB01F357C5D001F5C1A /* DetailChangeUserInfoViewController.swift in Sources */ = {isa = PBXBuildFile; fileRef = 45A57FAF1F357C5D001F5C1A /* DetailChangeUserInfoViewController.swift */; };
		45A57FB21F357C6F001F5C1A /* DetailLogInViewController.swift in Sources */ = {isa = PBXBuildFile; fileRef = 45A57FB11F357C6F001F5C1A /* DetailLogInViewController.swift */; };
		45A57FE71F35800C001F5C1A /* 0.png in Resources */ = {isa = PBXBuildFile; fileRef = 45A57FE61F35800C001F5C1A /* 0.png */; };
		45A57FE91F358016001F5C1A /* 1.png in Resources */ = {isa = PBXBuildFile; fileRef = 45A57FE81F358016001F5C1A /* 1.png */; };
		45A57FEB1F35801F001F5C1A /* 2.png in Resources */ = {isa = PBXBuildFile; fileRef = 45A57FEA1F35801F001F5C1A /* 2.png */; };
		45A57FED1F358028001F5C1A /* 3.png in Resources */ = {isa = PBXBuildFile; fileRef = 45A57FEC1F358028001F5C1A /* 3.png */; };
		759155901F3C62C80010686B /* LectureIntroTableViewCell.swift in Sources */ = {isa = PBXBuildFile; fileRef = 7591558E1F3C62C80010686B /* LectureIntroTableViewCell.swift */; };
		759155911F3C62C80010686B /* LectureIntroTableViewCell.xib in Resources */ = {isa = PBXBuildFile; fileRef = 7591558F1F3C62C80010686B /* LectureIntroTableViewCell.xib */; };
		759155981F3CA8740010686B /* MapLocationTableViewCell.swift in Sources */ = {isa = PBXBuildFile; fileRef = 759155961F3CA8740010686B /* MapLocationTableViewCell.swift */; };
		759155991F3CA8740010686B /* MapLocationTableViewCell.xib in Resources */ = {isa = PBXBuildFile; fileRef = 759155971F3CA8740010686B /* MapLocationTableViewCell.xib */; };
		7591559C1F3CB9CD0010686B /* LectureReviewTableViewCell.swift in Sources */ = {isa = PBXBuildFile; fileRef = 7591559A1F3CB9CD0010686B /* LectureReviewTableViewCell.swift */; };
		7591559D1F3CB9CD0010686B /* LectureReviewTableViewCell.xib in Resources */ = {isa = PBXBuildFile; fileRef = 7591559B1F3CB9CD0010686B /* LectureReviewTableViewCell.xib */; };
		759155A41F3D8CD60010686B /* LectureImageCollectionViewCell.swift in Sources */ = {isa = PBXBuildFile; fileRef = 759155A21F3D8CD60010686B /* LectureImageCollectionViewCell.swift */; };
		759155A51F3D8CD60010686B /* LectureImageCollectionViewCell.xib in Resources */ = {isa = PBXBuildFile; fileRef = 759155A31F3D8CD60010686B /* LectureImageCollectionViewCell.xib */; };
		759155AB1F414A390010686B /* ReviewShowTableViewController.swift in Sources */ = {isa = PBXBuildFile; fileRef = 759155AA1F414A390010686B /* ReviewShowTableViewController.swift */; };
		759155AD1F417CE90010686B /* ReviewAddViewController.swift in Sources */ = {isa = PBXBuildFile; fileRef = 759155AC1F417CE90010686B /* ReviewAddViewController.swift */; };
		75BC381E1F39DCE200AA9E96 /* IntroductionTableViewCell.swift in Sources */ = {isa = PBXBuildFile; fileRef = 75BC381D1F39DCE200AA9E96 /* IntroductionTableViewCell.swift */; };
		75BC38221F3ACDC000AA9E96 /* MainImageTableViewCell.swift in Sources */ = {isa = PBXBuildFile; fileRef = 75BC38211F3ACDC000AA9E96 /* MainImageTableViewCell.swift */; };
		75BC38281F3ADF6500AA9E96 /* TutorInfoTableViewCell.swift in Sources */ = {isa = PBXBuildFile; fileRef = 75BC38271F3ADF6500AA9E96 /* TutorInfoTableViewCell.swift */; };
		75BC382D1F3AF36600AA9E96 /* TutorDetailTableViewCell.swift in Sources */ = {isa = PBXBuildFile; fileRef = 75BC382B1F3AF36600AA9E96 /* TutorDetailTableViewCell.swift */; };
		75BC382E1F3AF36600AA9E96 /* TutorDetailTableViewCell.xib in Resources */ = {isa = PBXBuildFile; fileRef = 75BC382C1F3AF36600AA9E96 /* TutorDetailTableViewCell.xib */; };
		75BC38301F3AF56500AA9E96 /* SimpleImageTableViewCell.swift in Sources */ = {isa = PBXBuildFile; fileRef = 75BC382F1F3AF56500AA9E96 /* SimpleImageTableViewCell.swift */; };
		75D1B2111F3575F80068C20C /* Assets.xcassets in Resources */ = {isa = PBXBuildFile; fileRef = 75D1B2101F3575F80068C20C /* Assets.xcassets */; };
		75D1B2141F3575F80068C20C /* LaunchScreen.storyboard in Resources */ = {isa = PBXBuildFile; fileRef = 75D1B2121F3575F80068C20C /* LaunchScreen.storyboard */; };
		75D1B21E1F357C3C0068C20C /* MainTableViewController.swift in Sources */ = {isa = PBXBuildFile; fileRef = 75D1B21D1F357C3C0068C20C /* MainTableViewController.swift */; };
		75D1B2851F357C6A0068C20C /* MainPage.storyboard in Resources */ = {isa = PBXBuildFile; fileRef = 75D1B27E1F357C6A0068C20C /* MainPage.storyboard */; };
		75D1B2861F357C6A0068C20C /* RecommendCollectionViewCell.swift in Sources */ = {isa = PBXBuildFile; fileRef = 75D1B27F1F357C6A0068C20C /* RecommendCollectionViewCell.swift */; };
		75D1B2871F357C6A0068C20C /* RecommendTableViewCell.swift in Sources */ = {isa = PBXBuildFile; fileRef = 75D1B2801F357C6A0068C20C /* RecommendTableViewCell.swift */; };
		75D1B2881F357C6A0068C20C /* CategoryTableViewCell.swift in Sources */ = {isa = PBXBuildFile; fileRef = 75D1B2811F357C6A0068C20C /* CategoryTableViewCell.swift */; };
		75D1B2891F357C6A0068C20C /* CategoryCollectionViewCell.swift in Sources */ = {isa = PBXBuildFile; fileRef = 75D1B2821F357C6A0068C20C /* CategoryCollectionViewCell.swift */; };
		75D1B28A1F357C6A0068C20C /* LocationTableViewCell.swift in Sources */ = {isa = PBXBuildFile; fileRef = 75D1B2831F357C6A0068C20C /* LocationTableViewCell.swift */; };
		75D1B28B1F357C6A0068C20C /* LocationCollectionViewCell.swift in Sources */ = {isa = PBXBuildFile; fileRef = 75D1B2841F357C6A0068C20C /* LocationCollectionViewCell.swift */; };
		75D1B28E1F357C810068C20C /* DetailPage.storyboard in Resources */ = {isa = PBXBuildFile; fileRef = 75D1B28C1F357C810068C20C /* DetailPage.storyboard */; };
		75D1B28F1F357C810068C20C /* DetailTableViewController.swift in Sources */ = {isa = PBXBuildFile; fileRef = 75D1B28D1F357C810068C20C /* DetailTableViewController.swift */; };
		75D1B2961F357C8D0068C20C /* SearchPage.storyboard in Resources */ = {isa = PBXBuildFile; fileRef = 75D1B2901F357C8D0068C20C /* SearchPage.storyboard */; };
		75D1B2971F357C8D0068C20C /* LocationSelect.storyboard in Resources */ = {isa = PBXBuildFile; fileRef = 75D1B2911F357C8D0068C20C /* LocationSelect.storyboard */; };
		75D1B2981F357C8D0068C20C /* CategorySelect.storyboard in Resources */ = {isa = PBXBuildFile; fileRef = 75D1B2921F357C8D0068C20C /* CategorySelect.storyboard */; };
		75D1B2991F357C8D0068C20C /* CategorySelectViewController.swift in Sources */ = {isa = PBXBuildFile; fileRef = 75D1B2931F357C8D0068C20C /* CategorySelectViewController.swift */; };
		75D1B29A1F357C8D0068C20C /* SearchViewController.swift in Sources */ = {isa = PBXBuildFile; fileRef = 75D1B2941F357C8D0068C20C /* SearchViewController.swift */; };
		75D1B29B1F357C8D0068C20C /* LocationSelectViewController.swift in Sources */ = {isa = PBXBuildFile; fileRef = 75D1B2951F357C8D0068C20C /* LocationSelectViewController.swift */; };
		75D1B29E1F357CB40068C20C /* pac-man-logo.gif in Resources */ = {isa = PBXBuildFile; fileRef = 75D1B29C1F357CB40068C20C /* pac-man-logo.gif */; };
		75D1B29F1F357CB40068C20C /* five.jpg in Resources */ = {isa = PBXBuildFile; fileRef = 75D1B29D1F357CB40068C20C /* five.jpg */; };
		75D1B2A11F3581D10068C20C /* AppDelegate.swift in Sources */ = {isa = PBXBuildFile; fileRef = 75D1B2A01F3581D10068C20C /* AppDelegate.swift */; };
		75FB7F071F42E5C2002A422F /* MainSearchStoryboard.storyboard in Resources */ = {isa = PBXBuildFile; fileRef = 75FB7F061F42E5C2002A422F /* MainSearchStoryboard.storyboard */; };
		7938897566E942ADED17E528 /* Pods_EClass.framework in Frameworks */ = {isa = PBXBuildFile; fileRef = A979C041A7CCF9B1C070F361 /* Pods_EClass.framework */; };
/* End PBXBuildFile section */

/* Begin PBXFileReference section */
		45264B001F3C7DDB00933C50 /* InputUserGenderTableViewCell.swift */ = {isa = PBXFileReference; fileEncoding = 4; lastKnownFileType = sourcecode.swift; path = InputUserGenderTableViewCell.swift; sourceTree = "<group>"; };
		45264B021F3C7E5B00933C50 /* InputUserDataTableViewCell.swift */ = {isa = PBXFileReference; fileEncoding = 4; lastKnownFileType = sourcecode.swift; path = InputUserDataTableViewCell.swift; sourceTree = "<group>"; };
		45264B6C1F3C857500933C50 /* UserInformationPopupView.swift */ = {isa = PBXFileReference; fileEncoding = 4; lastKnownFileType = sourcecode.swift; path = UserInformationPopupView.swift; sourceTree = "<group>"; };
		45264B6D1F3C857500933C50 /* UserInformationPopupView.xib */ = {isa = PBXFileReference; fileEncoding = 4; lastKnownFileType = file.xib; path = UserInformationPopupView.xib; sourceTree = "<group>"; };
		45264B701F3C962E00933C50 /* SlideOutMenu.storyboard */ = {isa = PBXFileReference; fileEncoding = 4; lastKnownFileType = file.storyboard; path = SlideOutMenu.storyboard; sourceTree = "<group>"; };
		45264B721F3C972A00933C50 /* EClass-Bridging-Header.h */ = {isa = PBXFileReference; lastKnownFileType = sourcecode.c.h; path = "EClass-Bridging-Header.h"; sourceTree = "<group>"; };
		45264B731F3C972B00933C50 /* SWRevealViewController.h */ = {isa = PBXFileReference; fileEncoding = 4; lastKnownFileType = sourcecode.c.h; path = SWRevealViewController.h; sourceTree = "<group>"; };
		45264B741F3C972B00933C50 /* SWRevealViewController.m */ = {isa = PBXFileReference; fileEncoding = 4; lastKnownFileType = sourcecode.c.objc; path = SWRevealViewController.m; sourceTree = "<group>"; };
		45264BAC1F3D842500933C50 /* RearUserInfoViewController.swift */ = {isa = PBXFileReference; fileEncoding = 4; lastKnownFileType = sourcecode.swift; path = RearUserInfoViewController.swift; sourceTree = "<group>"; };
		45264BAE1F3D85CF00933C50 /* RearProfileImageTableViewCell.swift */ = {isa = PBXFileReference; fileEncoding = 4; lastKnownFileType = sourcecode.swift; path = RearProfileImageTableViewCell.swift; sourceTree = "<group>"; };
		45264BB01F3D85E900933C50 /* RearSettingTableViewCell.swift */ = {isa = PBXFileReference; fileEncoding = 4; lastKnownFileType = sourcecode.swift; path = RearSettingTableViewCell.swift; sourceTree = "<group>"; };
		45264BB21F3D982900933C50 /* ListOfLecture.storyboard */ = {isa = PBXFileReference; fileEncoding = 4; lastKnownFileType = file.storyboard; path = ListOfLecture.storyboard; sourceTree = "<group>"; };
		45264BB41F3D9ADF00933C50 /* ListOfLectureTableViewCell.swift */ = {isa = PBXFileReference; fileEncoding = 4; lastKnownFileType = sourcecode.swift; path = ListOfLectureTableViewCell.swift; sourceTree = "<group>"; };
		45264BBC1F3DAC5600933C50 /* ListOfLectureViewController.swift */ = {isa = PBXFileReference; fileEncoding = 4; lastKnownFileType = sourcecode.swift; path = ListOfLectureViewController.swift; sourceTree = "<group>"; };
		45264BBE1F3DB3BD00933C50 /* AssignLecture.storyboard */ = {isa = PBXFileReference; fileEncoding = 4; lastKnownFileType = file.storyboard; path = AssignLecture.storyboard; sourceTree = "<group>"; };
		45264BC01F3F546B00933C50 /* FAQViewController.swift */ = {isa = PBXFileReference; fileEncoding = 4; lastKnownFileType = sourcecode.swift; path = FAQViewController.swift; sourceTree = "<group>"; };
		45264BC21F3F573D00933C50 /* FAQTableViewCell.swift */ = {isa = PBXFileReference; fileEncoding = 4; lastKnownFileType = sourcecode.swift; path = FAQTableViewCell.swift; sourceTree = "<group>"; };
		45264BC31F3F573D00933C50 /* FAQTableViewCell.xib */ = {isa = PBXFileReference; fileEncoding = 4; lastKnownFileType = file.xib; path = FAQTableViewCell.xib; sourceTree = "<group>"; };
		45264BC61F3F5A4800933C50 /* FAQViewController.storyboard */ = {isa = PBXFileReference; fileEncoding = 4; lastKnownFileType = file.storyboard; path = FAQViewController.storyboard; sourceTree = "<group>"; };
		45A57F9F1F357BB0001F5C1A /* DataCenter.swift */ = {isa = PBXFileReference; fileEncoding = 4; lastKnownFileType = sourcecode.swift; path = DataCenter.swift; sourceTree = "<group>"; };
		45A57FA11F357BE5001F5C1A /* Main2.storyboard */ = {isa = PBXFileReference; fileEncoding = 4; lastKnownFileType = file.storyboard; path = Main2.storyboard; sourceTree = "<group>"; };
		45A57FA31F357C12001F5C1A /* LogInViewController.swift */ = {isa = PBXFileReference; fileEncoding = 4; lastKnownFileType = sourcecode.swift; path = LogInViewController.swift; sourceTree = "<group>"; };
		45A57FA51F357C1D001F5C1A /* SignUpViewController.swift */ = {isa = PBXFileReference; fileEncoding = 4; lastKnownFileType = sourcecode.swift; path = SignUpViewController.swift; sourceTree = "<group>"; };
		45A57FA71F357C26001F5C1A /* ChangeUserInfomationViewController.swift */ = {isa = PBXFileReference; fileEncoding = 4; lastKnownFileType = sourcecode.swift; path = ChangeUserInfomationViewController.swift; sourceTree = "<group>"; };
		45A57FA91F357C45001F5C1A /* SelfDescriptionTableViewCell.swift */ = {isa = PBXFileReference; fileEncoding = 4; lastKnownFileType = sourcecode.swift; path = SelfDescriptionTableViewCell.swift; sourceTree = "<group>"; };
		45A57FAB1F357C4C001F5C1A /* ProfileImageTableViewCell.swift */ = {isa = PBXFileReference; fileEncoding = 4; lastKnownFileType = sourcecode.swift; path = ProfileImageTableViewCell.swift; sourceTree = "<group>"; };
		45A57FAD1F357C56001F5C1A /* ProfileTableViewCell.swift */ = {isa = PBXFileReference; fileEncoding = 4; lastKnownFileType = sourcecode.swift; path = ProfileTableViewCell.swift; sourceTree = "<group>"; };
		45A57FAF1F357C5D001F5C1A /* DetailChangeUserInfoViewController.swift */ = {isa = PBXFileReference; fileEncoding = 4; lastKnownFileType = sourcecode.swift; path = DetailChangeUserInfoViewController.swift; sourceTree = "<group>"; };
		45A57FB11F357C6F001F5C1A /* DetailLogInViewController.swift */ = {isa = PBXFileReference; fileEncoding = 4; lastKnownFileType = sourcecode.swift; path = DetailLogInViewController.swift; sourceTree = "<group>"; };
		45A57FE61F35800C001F5C1A /* 0.png */ = {isa = PBXFileReference; lastKnownFileType = image.png; path = 0.png; sourceTree = "<group>"; };
		45A57FE81F358016001F5C1A /* 1.png */ = {isa = PBXFileReference; lastKnownFileType = image.png; path = 1.png; sourceTree = "<group>"; };
		45A57FEA1F35801F001F5C1A /* 2.png */ = {isa = PBXFileReference; lastKnownFileType = image.png; path = 2.png; sourceTree = "<group>"; };
		45A57FEC1F358028001F5C1A /* 3.png */ = {isa = PBXFileReference; lastKnownFileType = image.png; path = 3.png; sourceTree = "<group>"; };
		575D7D2BB1253DC83223CD2A /* Pods-EClass.debug.xcconfig */ = {isa = PBXFileReference; includeInIndex = 1; lastKnownFileType = text.xcconfig; name = "Pods-EClass.debug.xcconfig"; path = "Pods/Target Support Files/Pods-EClass/Pods-EClass.debug.xcconfig"; sourceTree = "<group>"; };
		7591558E1F3C62C80010686B /* LectureIntroTableViewCell.swift */ = {isa = PBXFileReference; fileEncoding = 4; lastKnownFileType = sourcecode.swift; path = LectureIntroTableViewCell.swift; sourceTree = "<group>"; };
		7591558F1F3C62C80010686B /* LectureIntroTableViewCell.xib */ = {isa = PBXFileReference; fileEncoding = 4; lastKnownFileType = file.xib; path = LectureIntroTableViewCell.xib; sourceTree = "<group>"; };
		759155961F3CA8740010686B /* MapLocationTableViewCell.swift */ = {isa = PBXFileReference; fileEncoding = 4; lastKnownFileType = sourcecode.swift; path = MapLocationTableViewCell.swift; sourceTree = "<group>"; };
		759155971F3CA8740010686B /* MapLocationTableViewCell.xib */ = {isa = PBXFileReference; fileEncoding = 4; lastKnownFileType = file.xib; path = MapLocationTableViewCell.xib; sourceTree = "<group>"; };
		7591559A1F3CB9CD0010686B /* LectureReviewTableViewCell.swift */ = {isa = PBXFileReference; fileEncoding = 4; lastKnownFileType = sourcecode.swift; path = LectureReviewTableViewCell.swift; sourceTree = "<group>"; };
		7591559B1F3CB9CD0010686B /* LectureReviewTableViewCell.xib */ = {isa = PBXFileReference; fileEncoding = 4; lastKnownFileType = file.xib; path = LectureReviewTableViewCell.xib; sourceTree = "<group>"; };
		759155A21F3D8CD60010686B /* LectureImageCollectionViewCell.swift */ = {isa = PBXFileReference; fileEncoding = 4; lastKnownFileType = sourcecode.swift; path = LectureImageCollectionViewCell.swift; sourceTree = "<group>"; };
		759155A31F3D8CD60010686B /* LectureImageCollectionViewCell.xib */ = {isa = PBXFileReference; fileEncoding = 4; lastKnownFileType = file.xib; path = LectureImageCollectionViewCell.xib; sourceTree = "<group>"; };
		759155AA1F414A390010686B /* ReviewShowTableViewController.swift */ = {isa = PBXFileReference; fileEncoding = 4; lastKnownFileType = sourcecode.swift; path = ReviewShowTableViewController.swift; sourceTree = "<group>"; };
		759155AC1F417CE90010686B /* ReviewAddViewController.swift */ = {isa = PBXFileReference; fileEncoding = 4; lastKnownFileType = sourcecode.swift; path = ReviewAddViewController.swift; sourceTree = "<group>"; };
		75BC381D1F39DCE200AA9E96 /* IntroductionTableViewCell.swift */ = {isa = PBXFileReference; fileEncoding = 4; lastKnownFileType = sourcecode.swift; path = IntroductionTableViewCell.swift; sourceTree = "<group>"; };
		75BC38211F3ACDC000AA9E96 /* MainImageTableViewCell.swift */ = {isa = PBXFileReference; fileEncoding = 4; lastKnownFileType = sourcecode.swift; path = MainImageTableViewCell.swift; sourceTree = "<group>"; };
		75BC38271F3ADF6500AA9E96 /* TutorInfoTableViewCell.swift */ = {isa = PBXFileReference; fileEncoding = 4; lastKnownFileType = sourcecode.swift; path = TutorInfoTableViewCell.swift; sourceTree = "<group>"; };
		75BC382B1F3AF36600AA9E96 /* TutorDetailTableViewCell.swift */ = {isa = PBXFileReference; fileEncoding = 4; lastKnownFileType = sourcecode.swift; path = TutorDetailTableViewCell.swift; sourceTree = "<group>"; };
		75BC382C1F3AF36600AA9E96 /* TutorDetailTableViewCell.xib */ = {isa = PBXFileReference; fileEncoding = 4; lastKnownFileType = file.xib; path = TutorDetailTableViewCell.xib; sourceTree = "<group>"; };
		75BC382F1F3AF56500AA9E96 /* SimpleImageTableViewCell.swift */ = {isa = PBXFileReference; fileEncoding = 4; lastKnownFileType = sourcecode.swift; path = SimpleImageTableViewCell.swift; sourceTree = "<group>"; };
		75D1B2061F3575F80068C20C /* EClass.app */ = {isa = PBXFileReference; explicitFileType = wrapper.application; includeInIndex = 0; path = EClass.app; sourceTree = BUILT_PRODUCTS_DIR; };
		75D1B2101F3575F80068C20C /* Assets.xcassets */ = {isa = PBXFileReference; lastKnownFileType = folder.assetcatalog; path = Assets.xcassets; sourceTree = "<group>"; };
		75D1B2131F3575F80068C20C /* Base */ = {isa = PBXFileReference; lastKnownFileType = file.storyboard; name = Base; path = Base.lproj/LaunchScreen.storyboard; sourceTree = "<group>"; };
		75D1B2151F3575F80068C20C /* Info.plist */ = {isa = PBXFileReference; lastKnownFileType = text.plist.xml; path = Info.plist; sourceTree = "<group>"; };
		75D1B21D1F357C3C0068C20C /* MainTableViewController.swift */ = {isa = PBXFileReference; fileEncoding = 4; lastKnownFileType = sourcecode.swift; path = MainTableViewController.swift; sourceTree = "<group>"; };
		75D1B27E1F357C6A0068C20C /* MainPage.storyboard */ = {isa = PBXFileReference; fileEncoding = 4; lastKnownFileType = file.storyboard; path = MainPage.storyboard; sourceTree = "<group>"; };
		75D1B27F1F357C6A0068C20C /* RecommendCollectionViewCell.swift */ = {isa = PBXFileReference; fileEncoding = 4; lastKnownFileType = sourcecode.swift; path = RecommendCollectionViewCell.swift; sourceTree = "<group>"; };
		75D1B2801F357C6A0068C20C /* RecommendTableViewCell.swift */ = {isa = PBXFileReference; fileEncoding = 4; lastKnownFileType = sourcecode.swift; path = RecommendTableViewCell.swift; sourceTree = "<group>"; };
		75D1B2811F357C6A0068C20C /* CategoryTableViewCell.swift */ = {isa = PBXFileReference; fileEncoding = 4; lastKnownFileType = sourcecode.swift; path = CategoryTableViewCell.swift; sourceTree = "<group>"; };
		75D1B2821F357C6A0068C20C /* CategoryCollectionViewCell.swift */ = {isa = PBXFileReference; fileEncoding = 4; lastKnownFileType = sourcecode.swift; path = CategoryCollectionViewCell.swift; sourceTree = "<group>"; };
		75D1B2831F357C6A0068C20C /* LocationTableViewCell.swift */ = {isa = PBXFileReference; fileEncoding = 4; lastKnownFileType = sourcecode.swift; path = LocationTableViewCell.swift; sourceTree = "<group>"; };
		75D1B2841F357C6A0068C20C /* LocationCollectionViewCell.swift */ = {isa = PBXFileReference; fileEncoding = 4; lastKnownFileType = sourcecode.swift; path = LocationCollectionViewCell.swift; sourceTree = "<group>"; };
		75D1B28C1F357C810068C20C /* DetailPage.storyboard */ = {isa = PBXFileReference; fileEncoding = 4; lastKnownFileType = file.storyboard; path = DetailPage.storyboard; sourceTree = "<group>"; };
		75D1B28D1F357C810068C20C /* DetailTableViewController.swift */ = {isa = PBXFileReference; fileEncoding = 4; lastKnownFileType = sourcecode.swift; path = DetailTableViewController.swift; sourceTree = "<group>"; };
		75D1B2901F357C8D0068C20C /* SearchPage.storyboard */ = {isa = PBXFileReference; fileEncoding = 4; lastKnownFileType = file.storyboard; path = SearchPage.storyboard; sourceTree = "<group>"; };
		75D1B2911F357C8D0068C20C /* LocationSelect.storyboard */ = {isa = PBXFileReference; fileEncoding = 4; lastKnownFileType = file.storyboard; path = LocationSelect.storyboard; sourceTree = "<group>"; };
		75D1B2921F357C8D0068C20C /* CategorySelect.storyboard */ = {isa = PBXFileReference; fileEncoding = 4; lastKnownFileType = file.storyboard; path = CategorySelect.storyboard; sourceTree = "<group>"; };
		75D1B2931F357C8D0068C20C /* CategorySelectViewController.swift */ = {isa = PBXFileReference; fileEncoding = 4; lastKnownFileType = sourcecode.swift; path = CategorySelectViewController.swift; sourceTree = "<group>"; };
		75D1B2941F357C8D0068C20C /* SearchViewController.swift */ = {isa = PBXFileReference; fileEncoding = 4; lastKnownFileType = sourcecode.swift; path = SearchViewController.swift; sourceTree = "<group>"; };
		75D1B2951F357C8D0068C20C /* LocationSelectViewController.swift */ = {isa = PBXFileReference; fileEncoding = 4; lastKnownFileType = sourcecode.swift; path = LocationSelectViewController.swift; sourceTree = "<group>"; };
		75D1B29C1F357CB40068C20C /* pac-man-logo.gif */ = {isa = PBXFileReference; lastKnownFileType = image.gif; path = "pac-man-logo.gif"; sourceTree = "<group>"; };
		75D1B29D1F357CB40068C20C /* five.jpg */ = {isa = PBXFileReference; lastKnownFileType = image.jpeg; path = five.jpg; sourceTree = "<group>"; };
		75D1B2A01F3581D10068C20C /* AppDelegate.swift */ = {isa = PBXFileReference; fileEncoding = 4; lastKnownFileType = sourcecode.swift; path = AppDelegate.swift; sourceTree = "<group>"; };
		75FB7F061F42E5C2002A422F /* MainSearchStoryboard.storyboard */ = {isa = PBXFileReference; fileEncoding = 4; lastKnownFileType = file.storyboard; path = MainSearchStoryboard.storyboard; sourceTree = "<group>"; };
		A54FF905BECFE602411DC250 /* Pods-EClass.release.xcconfig */ = {isa = PBXFileReference; includeInIndex = 1; lastKnownFileType = text.xcconfig; name = "Pods-EClass.release.xcconfig"; path = "Pods/Target Support Files/Pods-EClass/Pods-EClass.release.xcconfig"; sourceTree = "<group>"; };
		A979C041A7CCF9B1C070F361 /* Pods_EClass.framework */ = {isa = PBXFileReference; explicitFileType = wrapper.framework; includeInIndex = 0; path = Pods_EClass.framework; sourceTree = BUILT_PRODUCTS_DIR; };
/* End PBXFileReference section */

/* Begin PBXFrameworksBuildPhase section */
		75D1B2031F3575F80068C20C /* Frameworks */ = {
			isa = PBXFrameworksBuildPhase;
			buildActionMask = 2147483647;
			files = (
				7938897566E942ADED17E528 /* Pods_EClass.framework in Frameworks */,
			);
			runOnlyForDeploymentPostprocessing = 0;
		};
/* End PBXFrameworksBuildPhase section */

/* Begin PBXGroup section */
		0B2A075CF18C6DDDCAA28AE6 /* Frameworks */ = {
			isa = PBXGroup;
			children = (
				A979C041A7CCF9B1C070F361 /* Pods_EClass.framework */,
			);
			name = Frameworks;
			sourceTree = "<group>";
		};
		13605AFEDA6D8F09765386D4 /* Pods */ = {
			isa = PBXGroup;
			children = (
				575D7D2BB1253DC83223CD2A /* Pods-EClass.debug.xcconfig */,
				A54FF905BECFE602411DC250 /* Pods-EClass.release.xcconfig */,
			);
			name = Pods;
			sourceTree = "<group>";
		};
		45A57FB31F357C89001F5C1A /* LogInViewControllers */ = {
			isa = PBXGroup;
			children = (
				45A57FA31F357C12001F5C1A /* LogInViewController.swift */,
				45A57FB11F357C6F001F5C1A /* DetailLogInViewController.swift */,
				45A57FA51F357C1D001F5C1A /* SignUpViewController.swift */,
			);
			name = LogInViewControllers;
			sourceTree = "<group>";
		};
		45A57FB41F357C9D001F5C1A /* ChangeUserInformationVIewCOntrollers */ = {
			isa = PBXGroup;
			children = (
				45A57FA71F357C26001F5C1A /* ChangeUserInfomationViewController.swift */,
				45A57FA91F357C45001F5C1A /* SelfDescriptionTableViewCell.swift */,
				45264B701F3C962E00933C50 /* SlideOutMenu.storyboard */,
				45A57FAB1F357C4C001F5C1A /* ProfileImageTableViewCell.swift */,
				45264B021F3C7E5B00933C50 /* InputUserDataTableViewCell.swift */,
				45264B001F3C7DDB00933C50 /* InputUserGenderTableViewCell.swift */,
				45A57FAD1F357C56001F5C1A /* ProfileTableViewCell.swift */,
				45A57FAF1F357C5D001F5C1A /* DetailChangeUserInfoViewController.swift */,
			);
			name = ChangeUserInformationVIewCOntrollers;
			sourceTree = "<group>";
		};
		75BC381C1F39903C00AA9E96 /* SearchSection */ = {
			isa = PBXGroup;
			children = (
				75D1B2901F357C8D0068C20C /* SearchPage.storyboard */,
				75D1B2911F357C8D0068C20C /* LocationSelect.storyboard */,
				75D1B2921F357C8D0068C20C /* CategorySelect.storyboard */,
				75D1B2931F357C8D0068C20C /* CategorySelectViewController.swift */,
				75D1B2941F357C8D0068C20C /* SearchViewController.swift */,
				75D1B2951F357C8D0068C20C /* LocationSelectViewController.swift */,
				75FB7F061F42E5C2002A422F /* MainSearchStoryboard.storyboard */,
			);
			name = SearchSection;
			sourceTree = "<group>";
		};
		75BC381F1F3AC6C200AA9E96 /* DetailPage */ = {
			isa = PBXGroup;
			children = (
				75D1B28C1F357C810068C20C /* DetailPage.storyboard */,
				759155AC1F417CE90010686B /* ReviewAddViewController.swift */,
				759155AA1F414A390010686B /* ReviewShowTableViewController.swift */,
				7591559A1F3CB9CD0010686B /* LectureReviewTableViewCell.swift */,
				7591559B1F3CB9CD0010686B /* LectureReviewTableViewCell.xib */,
				759155961F3CA8740010686B /* MapLocationTableViewCell.swift */,
				759155971F3CA8740010686B /* MapLocationTableViewCell.xib */,
				75BC382F1F3AF56500AA9E96 /* SimpleImageTableViewCell.swift */,
				75BC382B1F3AF36600AA9E96 /* TutorDetailTableViewCell.swift */,
				75BC382C1F3AF36600AA9E96 /* TutorDetailTableViewCell.xib */,
				7591558E1F3C62C80010686B /* LectureIntroTableViewCell.swift */,
				7591558F1F3C62C80010686B /* LectureIntroTableViewCell.xib */,
				75BC38271F3ADF6500AA9E96 /* TutorInfoTableViewCell.swift */,
				75D1B28D1F357C810068C20C /* DetailTableViewController.swift */,
				759155A21F3D8CD60010686B /* LectureImageCollectionViewCell.swift */,
				759155A31F3D8CD60010686B /* LectureImageCollectionViewCell.xib */,
				75BC38211F3ACDC000AA9E96 /* MainImageTableViewCell.swift */,
				75BC381D1F39DCE200AA9E96 /* IntroductionTableViewCell.swift */,
			);
			name = DetailPage;
			sourceTree = "<group>";
		};
		75BC38201F3AC6D000AA9E96 /* MainPage */ = {
			isa = PBXGroup;
			children = (
				75D1B27E1F357C6A0068C20C /* MainPage.storyboard */,
				75D1B2A01F3581D10068C20C /* AppDelegate.swift */,
				75D1B27F1F357C6A0068C20C /* RecommendCollectionViewCell.swift */,
				75D1B2801F357C6A0068C20C /* RecommendTableViewCell.swift */,
				75D1B2811F357C6A0068C20C /* CategoryTableViewCell.swift */,
				75D1B2821F357C6A0068C20C /* CategoryCollectionViewCell.swift */,
				45264BAC1F3D842500933C50 /* RearUserInfoViewController.swift */,
				45264BB21F3D982900933C50 /* ListOfLecture.storyboard */,
				75D1B2831F357C6A0068C20C /* LocationTableViewCell.swift */,
				75D1B2841F357C6A0068C20C /* LocationCollectionViewCell.swift */,
				45264BB41F3D9ADF00933C50 /* ListOfLectureTableViewCell.swift */,
				45264BBC1F3DAC5600933C50 /* ListOfLectureViewController.swift */,
				45264BC61F3F5A4800933C50 /* FAQViewController.storyboard */,
				45264BC01F3F546B00933C50 /* FAQViewController.swift */,
				45264BB01F3D85E900933C50 /* RearSettingTableViewCell.swift */,
				45264BC21F3F573D00933C50 /* FAQTableViewCell.swift */,
				45264BC31F3F573D00933C50 /* FAQTableViewCell.xib */,
				45264BAE1F3D85CF00933C50 /* RearProfileImageTableViewCell.swift */,
			);
			name = MainPage;
			sourceTree = "<group>";
		};
		75D1B1FD1F3575F80068C20C = {
			isa = PBXGroup;
			children = (
				75D1B2081F3575F80068C20C /* EClass */,
				75D1B2071F3575F80068C20C /* Products */,
				13605AFEDA6D8F09765386D4 /* Pods */,
				0B2A075CF18C6DDDCAA28AE6 /* Frameworks */,
			);
			sourceTree = "<group>";
		};
		75D1B2071F3575F80068C20C /* Products */ = {
			isa = PBXGroup;
			children = (
				75D1B2061F3575F80068C20C /* EClass.app */,
			);
			name = Products;
			sourceTree = "<group>";
		};
		75D1B2081F3575F80068C20C /* EClass */ = {
			isa = PBXGroup;
			children = (
				75D1B21D1F357C3C0068C20C /* MainTableViewController.swift */,
				75D1B2121F3575F80068C20C /* LaunchScreen.storyboard */,
				75BC38201F3AC6D000AA9E96 /* MainPage */,
				75D1B2101F3575F80068C20C /* Assets.xcassets */,
				75BC381F1F3AC6C200AA9E96 /* DetailPage */,
				75BC381C1F39903C00AA9E96 /* SearchSection */,
				75D1B2151F3575F80068C20C /* Info.plist */,
				75D1B29C1F357CB40068C20C /* pac-man-logo.gif */,
				75D1B29D1F357CB40068C20C /* five.jpg */,
				45A57FE61F35800C001F5C1A /* 0.png */,
				45264BBE1F3DB3BD00933C50 /* AssignLecture.storyboard */,
				45A57FEA1F35801F001F5C1A /* 2.png */,
				45A57FE81F358016001F5C1A /* 1.png */,
				45A57FEC1F358028001F5C1A /* 3.png */,
				45264B731F3C972B00933C50 /* SWRevealViewController.h */,
				45264B741F3C972B00933C50 /* SWRevealViewController.m */,
				45A57FB31F357C89001F5C1A /* LogInViewControllers */,
				45A57FA11F357BE5001F5C1A /* Main2.storyboard */,
				45A57F9F1F357BB0001F5C1A /* DataCenter.swift */,
				45264B6C1F3C857500933C50 /* UserInformationPopupView.swift */,
				45264B6D1F3C857500933C50 /* UserInformationPopupView.xib */,
				45A57FB41F357C9D001F5C1A /* ChangeUserInformationVIewCOntrollers */,
				45264B721F3C972A00933C50 /* EClass-Bridging-Header.h */,
			);
			path = EClass;
			sourceTree = "<group>";
		};
/* End PBXGroup section */

/* Begin PBXNativeTarget section */
		75D1B2051F3575F80068C20C /* EClass */ = {
			isa = PBXNativeTarget;
			buildConfigurationList = 75D1B2181F3575F80068C20C /* Build configuration list for PBXNativeTarget "EClass" */;
			buildPhases = (
				92A7AB10711364A470F84839 /* [CP] Check Pods Manifest.lock */,
				75D1B2021F3575F80068C20C /* Sources */,
				75D1B2031F3575F80068C20C /* Frameworks */,
				75D1B2041F3575F80068C20C /* Resources */,
				D383570EA9008007FC4E37A3 /* [CP] Embed Pods Frameworks */,
				5C2430AB49689EB616698003 /* [CP] Copy Pods Resources */,
			);
			buildRules = (
			);
			dependencies = (
			);
			name = EClass;
			productName = EClass;
			productReference = 75D1B2061F3575F80068C20C /* EClass.app */;
			productType = "com.apple.product-type.application";
		};
/* End PBXNativeTarget section */

/* Begin PBXProject section */
		75D1B1FE1F3575F80068C20C /* Project object */ = {
			isa = PBXProject;
			attributes = {
				LastSwiftUpdateCheck = 0830;
				LastUpgradeCheck = 0830;
				ORGANIZATIONNAME = "Kang Seongchan";
				TargetAttributes = {
					75D1B2051F3575F80068C20C = {
						CreatedOnToolsVersion = 8.3.3;
						DevelopmentTeam = QV6Q7SLDQ7;
						LastSwiftMigration = 0830;
						ProvisioningStyle = Automatic;
					};
				};
			};
			buildConfigurationList = 75D1B2011F3575F80068C20C /* Build configuration list for PBXProject "EClass" */;
			compatibilityVersion = "Xcode 3.2";
			developmentRegion = English;
			hasScannedForEncodings = 0;
			knownRegions = (
				en,
				Base,
			);
			mainGroup = 75D1B1FD1F3575F80068C20C;
			productRefGroup = 75D1B2071F3575F80068C20C /* Products */;
			projectDirPath = "";
			projectRoot = "";
			targets = (
				75D1B2051F3575F80068C20C /* EClass */,
			);
		};
/* End PBXProject section */

/* Begin PBXResourcesBuildPhase section */
		75D1B2041F3575F80068C20C /* Resources */ = {
			isa = PBXResourcesBuildPhase;
			buildActionMask = 2147483647;
			files = (
				759155911F3C62C80010686B /* LectureIntroTableViewCell.xib in Resources */,
				759155A51F3D8CD60010686B /* LectureImageCollectionViewCell.xib in Resources */,
				45A57FED1F358028001F5C1A /* 3.png in Resources */,
				45A57FE71F35800C001F5C1A /* 0.png in Resources */,
				759155991F3CA8740010686B /* MapLocationTableViewCell.xib in Resources */,
				75D1B29E1F357CB40068C20C /* pac-man-logo.gif in Resources */,
				45A57FEB1F35801F001F5C1A /* 2.png in Resources */,
				75D1B29F1F357CB40068C20C /* five.jpg in Resources */,
				45264BBF1F3DB3BD00933C50 /* AssignLecture.storyboard in Resources */,
				75BC382E1F3AF36600AA9E96 /* TutorDetailTableViewCell.xib in Resources */,
				75D1B2851F357C6A0068C20C /* MainPage.storyboard in Resources */,
				75FB7F071F42E5C2002A422F /* MainSearchStoryboard.storyboard in Resources */,
				75D1B28E1F357C810068C20C /* DetailPage.storyboard in Resources */,
				45264BB31F3D982900933C50 /* ListOfLecture.storyboard in Resources */,
				45264BC51F3F573D00933C50 /* FAQTableViewCell.xib in Resources */,
				45264B711F3C962E00933C50 /* SlideOutMenu.storyboard in Resources */,
				45A57FE91F358016001F5C1A /* 1.png in Resources */,
				75D1B2971F357C8D0068C20C /* LocationSelect.storyboard in Resources */,
				75D1B2961F357C8D0068C20C /* SearchPage.storyboard in Resources */,
				75D1B2141F3575F80068C20C /* LaunchScreen.storyboard in Resources */,
				75D1B2981F357C8D0068C20C /* CategorySelect.storyboard in Resources */,
				45264BC71F3F5A4800933C50 /* FAQViewController.storyboard in Resources */,
				75D1B2111F3575F80068C20C /* Assets.xcassets in Resources */,
				45264B6F1F3C857500933C50 /* UserInformationPopupView.xib in Resources */,
				45A57FA21F357BE5001F5C1A /* Main2.storyboard in Resources */,
				7591559D1F3CB9CD0010686B /* LectureReviewTableViewCell.xib in Resources */,
			);
			runOnlyForDeploymentPostprocessing = 0;
		};
/* End PBXResourcesBuildPhase section */

/* Begin PBXShellScriptBuildPhase section */
		5C2430AB49689EB616698003 /* [CP] Copy Pods Resources */ = {
			isa = PBXShellScriptBuildPhase;
			buildActionMask = 2147483647;
			files = (
			);
			inputPaths = (
			);
			name = "[CP] Copy Pods Resources";
			outputPaths = (
			);
			runOnlyForDeploymentPostprocessing = 0;
			shellPath = /bin/sh;
			shellScript = "\"${SRCROOT}/Pods/Target Support Files/Pods-EClass/Pods-EClass-resources.sh\"\n";
			showEnvVarsInLog = 0;
		};
		92A7AB10711364A470F84839 /* [CP] Check Pods Manifest.lock */ = {
			isa = PBXShellScriptBuildPhase;
			buildActionMask = 2147483647;
			files = (
			);
			inputPaths = (
			);
			name = "[CP] Check Pods Manifest.lock";
			outputPaths = (
			);
			runOnlyForDeploymentPostprocessing = 0;
			shellPath = /bin/sh;
			shellScript = "diff \"${PODS_PODFILE_DIR_PATH}/Podfile.lock\" \"${PODS_ROOT}/Manifest.lock\" > /dev/null\nif [ $? != 0 ] ; then\n    # print error to STDERR\n    echo \"error: The sandbox is not in sync with the Podfile.lock. Run 'pod install' or update your CocoaPods installation.\" >&2\n    exit 1\nfi\n";
			showEnvVarsInLog = 0;
		};
		D383570EA9008007FC4E37A3 /* [CP] Embed Pods Frameworks */ = {
			isa = PBXShellScriptBuildPhase;
			buildActionMask = 2147483647;
			files = (
			);
			inputPaths = (
			);
			name = "[CP] Embed Pods Frameworks";
			outputPaths = (
			);
			runOnlyForDeploymentPostprocessing = 0;
			shellPath = /bin/sh;
			shellScript = "\"${SRCROOT}/Pods/Target Support Files/Pods-EClass/Pods-EClass-frameworks.sh\"\n";
			showEnvVarsInLog = 0;
		};
/* End PBXShellScriptBuildPhase section */

/* Begin PBXSourcesBuildPhase section */
		75D1B2021F3575F80068C20C /* Sources */ = {
			isa = PBXSourcesBuildPhase;
			buildActionMask = 2147483647;
			files = (
				75D1B2991F357C8D0068C20C /* CategorySelectViewController.swift in Sources */,
				45264BC41F3F573D00933C50 /* FAQTableViewCell.swift in Sources */,
				75D1B2871F357C6A0068C20C /* RecommendTableViewCell.swift in Sources */,
				75BC38281F3ADF6500AA9E96 /* TutorInfoTableViewCell.swift in Sources */,
				75D1B28A1F357C6A0068C20C /* LocationTableViewCell.swift in Sources */,
				45264BB51F3D9ADF00933C50 /* ListOfLectureTableViewCell.swift in Sources */,
				75D1B21E1F357C3C0068C20C /* MainTableViewController.swift in Sources */,
				75D1B29B1F357C8D0068C20C /* LocationSelectViewController.swift in Sources */,
				759155AB1F414A390010686B /* ReviewShowTableViewController.swift in Sources */,
				75D1B29A1F357C8D0068C20C /* SearchViewController.swift in Sources */,
				75D1B28B1F357C6A0068C20C /* LocationCollectionViewCell.swift in Sources */,
				75D1B28F1F357C810068C20C /* DetailTableViewController.swift in Sources */,
				7591559C1F3CB9CD0010686B /* LectureReviewTableViewCell.swift in Sources */,
				75D1B2861F357C6A0068C20C /* RecommendCollectionViewCell.swift in Sources */,
				45264BBD1F3DAC5600933C50 /* ListOfLectureViewController.swift in Sources */,
				45264BAF1F3D85CF00933C50 /* RearProfileImageTableViewCell.swift in Sources */,
				45264B031F3C7E5B00933C50 /* InputUserDataTableViewCell.swift in Sources */,
				759155A41F3D8CD60010686B /* LectureImageCollectionViewCell.swift in Sources */,
				75BC38301F3AF56500AA9E96 /* SimpleImageTableViewCell.swift in Sources */,
				75D1B2891F357C6A0068C20C /* CategoryCollectionViewCell.swift in Sources */,
				75D1B2881F357C6A0068C20C /* CategoryTableViewCell.swift in Sources */,
				45A57FAA1F357C45001F5C1A /* SelfDescriptionTableViewCell.swift in Sources */,
				45A57FB21F357C6F001F5C1A /* DetailLogInViewController.swift in Sources */,
				45264B011F3C7DDB00933C50 /* InputUserGenderTableViewCell.swift in Sources */,
				759155AD1F417CE90010686B /* ReviewAddViewController.swift in Sources */,
				75BC381E1F39DCE200AA9E96 /* IntroductionTableViewCell.swift in Sources */,
				45A57FAC1F357C4C001F5C1A /* ProfileImageTableViewCell.swift in Sources */,
				75BC38221F3ACDC000AA9E96 /* MainImageTableViewCell.swift in Sources */,
				45A57FA41F357C12001F5C1A /* LogInViewController.swift in Sources */,
				75BC382D1F3AF36600AA9E96 /* TutorDetailTableViewCell.swift in Sources */,
				45264BB11F3D85E900933C50 /* RearSettingTableViewCell.swift in Sources */,
				45264B6E1F3C857500933C50 /* UserInformationPopupView.swift in Sources */,
				45264B751F3C972B00933C50 /* SWRevealViewController.m in Sources */,
				45A57FAE1F357C56001F5C1A /* ProfileTableViewCell.swift in Sources */,
				45A57FA01F357BB0001F5C1A /* DataCenter.swift in Sources */,
				45A57FA81F357C26001F5C1A /* ChangeUserInfomationViewController.swift in Sources */,
				75D1B2A11F3581D10068C20C /* AppDelegate.swift in Sources */,
				759155901F3C62C80010686B /* LectureIntroTableViewCell.swift in Sources */,
				759155981F3CA8740010686B /* MapLocationTableViewCell.swift in Sources */,
				45A57FB01F357C5D001F5C1A /* DetailChangeUserInfoViewController.swift in Sources */,
				45264BC11F3F546B00933C50 /* FAQViewController.swift in Sources */,
				45264BAD1F3D842500933C50 /* RearUserInfoViewController.swift in Sources */,
				45A57FA61F357C1D001F5C1A /* SignUpViewController.swift in Sources */,
			);
			runOnlyForDeploymentPostprocessing = 0;
		};
/* End PBXSourcesBuildPhase section */

/* Begin PBXVariantGroup section */
		75D1B2121F3575F80068C20C /* LaunchScreen.storyboard */ = {
			isa = PBXVariantGroup;
			children = (
				75D1B2131F3575F80068C20C /* Base */,
			);
			name = LaunchScreen.storyboard;
			sourceTree = "<group>";
		};
/* End PBXVariantGroup section */

/* Begin XCBuildConfiguration section */
		75D1B2161F3575F80068C20C /* Debug */ = {
			isa = XCBuildConfiguration;
			buildSettings = {
				ALWAYS_SEARCH_USER_PATHS = NO;
				CLANG_ANALYZER_NONNULL = YES;
				CLANG_ANALYZER_NUMBER_OBJECT_CONVERSION = YES_AGGRESSIVE;
				CLANG_CXX_LANGUAGE_STANDARD = "gnu++0x";
				CLANG_CXX_LIBRARY = "libc++";
				CLANG_ENABLE_MODULES = YES;
				CLANG_ENABLE_OBJC_ARC = YES;
				CLANG_WARN_BOOL_CONVERSION = YES;
				CLANG_WARN_CONSTANT_CONVERSION = YES;
				CLANG_WARN_DIRECT_OBJC_ISA_USAGE = YES_ERROR;
				CLANG_WARN_DOCUMENTATION_COMMENTS = YES;
				CLANG_WARN_EMPTY_BODY = YES;
				CLANG_WARN_ENUM_CONVERSION = YES;
				CLANG_WARN_INFINITE_RECURSION = YES;
				CLANG_WARN_INT_CONVERSION = YES;
				CLANG_WARN_OBJC_ROOT_CLASS = YES_ERROR;
				CLANG_WARN_SUSPICIOUS_MOVE = YES;
				CLANG_WARN_UNREACHABLE_CODE = YES;
				CLANG_WARN__DUPLICATE_METHOD_MATCH = YES;
				"CODE_SIGN_IDENTITY[sdk=iphoneos*]" = "iPhone Developer";
				COPY_PHASE_STRIP = NO;
				DEBUG_INFORMATION_FORMAT = dwarf;
				ENABLE_STRICT_OBJC_MSGSEND = YES;
				ENABLE_TESTABILITY = YES;
				GCC_C_LANGUAGE_STANDARD = gnu99;
				GCC_DYNAMIC_NO_PIC = NO;
				GCC_NO_COMMON_BLOCKS = YES;
				GCC_OPTIMIZATION_LEVEL = 0;
				GCC_PREPROCESSOR_DEFINITIONS = (
					"DEBUG=1",
					"$(inherited)",
				);
				GCC_WARN_64_TO_32_BIT_CONVERSION = YES;
				GCC_WARN_ABOUT_RETURN_TYPE = YES_ERROR;
				GCC_WARN_UNDECLARED_SELECTOR = YES;
				GCC_WARN_UNINITIALIZED_AUTOS = YES_AGGRESSIVE;
				GCC_WARN_UNUSED_FUNCTION = YES;
				GCC_WARN_UNUSED_VARIABLE = YES;
				IPHONEOS_DEPLOYMENT_TARGET = 10.3;
				MTL_ENABLE_DEBUG_INFO = YES;
				ONLY_ACTIVE_ARCH = YES;
				SDKROOT = iphoneos;
				SWIFT_ACTIVE_COMPILATION_CONDITIONS = DEBUG;
				SWIFT_OPTIMIZATION_LEVEL = "-Onone";
			};
			name = Debug;
		};
		75D1B2171F3575F80068C20C /* Release */ = {
			isa = XCBuildConfiguration;
			buildSettings = {
				ALWAYS_SEARCH_USER_PATHS = NO;
				CLANG_ANALYZER_NONNULL = YES;
				CLANG_ANALYZER_NUMBER_OBJECT_CONVERSION = YES_AGGRESSIVE;
				CLANG_CXX_LANGUAGE_STANDARD = "gnu++0x";
				CLANG_CXX_LIBRARY = "libc++";
				CLANG_ENABLE_MODULES = YES;
				CLANG_ENABLE_OBJC_ARC = YES;
				CLANG_WARN_BOOL_CONVERSION = YES;
				CLANG_WARN_CONSTANT_CONVERSION = YES;
				CLANG_WARN_DIRECT_OBJC_ISA_USAGE = YES_ERROR;
				CLANG_WARN_DOCUMENTATION_COMMENTS = YES;
				CLANG_WARN_EMPTY_BODY = YES;
				CLANG_WARN_ENUM_CONVERSION = YES;
				CLANG_WARN_INFINITE_RECURSION = YES;
				CLANG_WARN_INT_CONVERSION = YES;
				CLANG_WARN_OBJC_ROOT_CLASS = YES_ERROR;
				CLANG_WARN_SUSPICIOUS_MOVE = YES;
				CLANG_WARN_UNREACHABLE_CODE = YES;
				CLANG_WARN__DUPLICATE_METHOD_MATCH = YES;
				"CODE_SIGN_IDENTITY[sdk=iphoneos*]" = "iPhone Developer";
				COPY_PHASE_STRIP = NO;
				DEBUG_INFORMATION_FORMAT = "dwarf-with-dsym";
				ENABLE_NS_ASSERTIONS = NO;
				ENABLE_STRICT_OBJC_MSGSEND = YES;
				GCC_C_LANGUAGE_STANDARD = gnu99;
				GCC_NO_COMMON_BLOCKS = YES;
				GCC_WARN_64_TO_32_BIT_CONVERSION = YES;
				GCC_WARN_ABOUT_RETURN_TYPE = YES_ERROR;
				GCC_WARN_UNDECLARED_SELECTOR = YES;
				GCC_WARN_UNINITIALIZED_AUTOS = YES_AGGRESSIVE;
				GCC_WARN_UNUSED_FUNCTION = YES;
				GCC_WARN_UNUSED_VARIABLE = YES;
				IPHONEOS_DEPLOYMENT_TARGET = 10.3;
				MTL_ENABLE_DEBUG_INFO = NO;
				SDKROOT = iphoneos;
				SWIFT_OPTIMIZATION_LEVEL = "-Owholemodule";
				VALIDATE_PRODUCT = YES;
			};
			name = Release;
		};
		75D1B2191F3575F80068C20C /* Debug */ = {
			isa = XCBuildConfiguration;
			baseConfigurationReference = 575D7D2BB1253DC83223CD2A /* Pods-EClass.debug.xcconfig */;
			buildSettings = {
				ASSETCATALOG_COMPILER_APPICON_NAME = AppIcon;
				CLANG_ENABLE_MODULES = YES;
				DEVELOPMENT_TEAM = QV6Q7SLDQ7;
				INFOPLIST_FILE = EClass/Info.plist;
				LD_RUNPATH_SEARCH_PATHS = "$(inherited) @executable_path/Frameworks";
				PRODUCT_BUNDLE_IDENTIFIER = com.seongchan.EClass1;
				PRODUCT_NAME = "$(TARGET_NAME)";
				SWIFT_OBJC_BRIDGING_HEADER = "EClass/EClass-Bridging-Header.h";
				SWIFT_OPTIMIZATION_LEVEL = "-Onone";
				SWIFT_VERSION = 3.0;
			};
			name = Debug;
		};
		75D1B21A1F3575F80068C20C /* Release */ = {
			isa = XCBuildConfiguration;
			baseConfigurationReference = A54FF905BECFE602411DC250 /* Pods-EClass.release.xcconfig */;
			buildSettings = {
				ASSETCATALOG_COMPILER_APPICON_NAME = AppIcon;
				CLANG_ENABLE_MODULES = YES;
				DEVELOPMENT_TEAM = QV6Q7SLDQ7;
				INFOPLIST_FILE = EClass/Info.plist;
				LD_RUNPATH_SEARCH_PATHS = "$(inherited) @executable_path/Frameworks";
				PRODUCT_BUNDLE_IDENTIFIER = com.seongchan.EClass1;
				PRODUCT_NAME = "$(TARGET_NAME)";
				SWIFT_OBJC_BRIDGING_HEADER = "EClass/EClass-Bridging-Header.h";
				SWIFT_VERSION = 3.0;
			};
			name = Release;
		};
/* End XCBuildConfiguration section */

/* Begin XCConfigurationList section */
		75D1B2011F3575F80068C20C /* Build configuration list for PBXProject "EClass" */ = {
			isa = XCConfigurationList;
			buildConfigurations = (
				75D1B2161F3575F80068C20C /* Debug */,
				75D1B2171F3575F80068C20C /* Release */,
			);
			defaultConfigurationIsVisible = 0;
			defaultConfigurationName = Release;
		};
		75D1B2181F3575F80068C20C /* Build configuration list for PBXNativeTarget "EClass" */ = {
			isa = XCConfigurationList;
			buildConfigurations = (
				75D1B2191F3575F80068C20C /* Debug */,
				75D1B21A1F3575F80068C20C /* Release */,
			);
			defaultConfigurationIsVisible = 0;
			defaultConfigurationName = Release;
		};
/* End XCConfigurationList section */
	};
	rootObject = 75D1B1FE1F3575F80068C20C /* Project object */;
}
