// !$*UTF8*$!
{
	archiveVersion = 1;
	classes = {
	};
	objectVersion = 46;
	objects = {

/* Begin PBXBuildFile section */
		451BC7FE1F4D519700D11AA6 /* ChangePasswordViewController.swift in Sources */ = {isa = PBXBuildFile; fileRef = 451BC7FD1F4D519700D11AA6 /* ChangePasswordViewController.swift */; };
		451BC8001F4D52C400D11AA6 /* lock.jpeg in Resources */ = {isa = PBXBuildFile; fileRef = 451BC7FF1F4D52C400D11AA6 /* lock.jpeg */; };
		451BC8021F4D5D8600D11AA6 /* 6.png in Resources */ = {isa = PBXBuildFile; fileRef = 451BC8011F4D5D8600D11AA6 /* 6.png */; };
		451BC8041F4D64B700D11AA6 /* 7.png in Resources */ = {isa = PBXBuildFile; fileRef = 451BC8031F4D64B700D11AA6 /* 7.png */; };
		451BC8091F4D68C700D11AA6 /* register0.png in Resources */ = {isa = PBXBuildFile; fileRef = 451BC8061F4D68C700D11AA6 /* register0.png */; };
		451BC80A1F4D68C700D11AA6 /* register1.png in Resources */ = {isa = PBXBuildFile; fileRef = 451BC8071F4D68C700D11AA6 /* register1.png */; };
		451BC80B1F4D68C700D11AA6 /* register2.png in Resources */ = {isa = PBXBuildFile; fileRef = 451BC8081F4D68C700D11AA6 /* register2.png */; };
		451BC80D1F4D6ACC00D11AA6 /* noImage.png in Resources */ = {isa = PBXBuildFile; fileRef = 451BC80C1F4D6ACC00D11AA6 /* noImage.png */; };
		451BC80F1F4D733F00D11AA6 /* RegisterTutorViewController.swift in Sources */ = {isa = PBXBuildFile; fileRef = 451BC80E1F4D733F00D11AA6 /* RegisterTutorViewController.swift */; };
		451BC8111F4D734C00D11AA6 /* RegisterTutor.storyboard in Resources */ = {isa = PBXBuildFile; fileRef = 451BC8101F4D734C00D11AA6 /* RegisterTutor.storyboard */; };
		451BC8131F4D748A00D11AA6 /* RegisterTutorTableViewCell1.swift in Sources */ = {isa = PBXBuildFile; fileRef = 451BC8121F4D748A00D11AA6 /* RegisterTutorTableViewCell1.swift */; };
		451BC8151F4D758F00D11AA6 /* RegisterTutorTableViewCell2.swift in Sources */ = {isa = PBXBuildFile; fileRef = 451BC8141F4D758F00D11AA6 /* RegisterTutorTableViewCell2.swift */; };
		451BC8171F4D813400D11AA6 /* RegisterTutorTableViewCell3.swift in Sources */ = {isa = PBXBuildFile; fileRef = 451BC8161F4D813400D11AA6 /* RegisterTutorTableViewCell3.swift */; };
		451BC8191F4D935C00D11AA6 /* 5.png in Resources */ = {isa = PBXBuildFile; fileRef = 451BC8181F4D935C00D11AA6 /* 5.png */; };
		451BC83D1F4E98BB00D11AA6 /* register3.jpg in Resources */ = {isa = PBXBuildFile; fileRef = 451BC83C1F4E98BB00D11AA6 /* register3.jpg */; };
		45264B011F3C7DDB00933C50 /* InputUserGenderTableViewCell.swift in Sources */ = {isa = PBXBuildFile; fileRef = 45264B001F3C7DDB00933C50 /* InputUserGenderTableViewCell.swift */; };
		45264B031F3C7E5B00933C50 /* InputUserDataTableViewCell.swift in Sources */ = {isa = PBXBuildFile; fileRef = 45264B021F3C7E5B00933C50 /* InputUserDataTableViewCell.swift */; };
		45264B6E1F3C857500933C50 /* UserInformationPopupView.swift in Sources */ = {isa = PBXBuildFile; fileRef = 45264B6C1F3C857500933C50 /* UserInformationPopupView.swift */; };
		45264B6F1F3C857500933C50 /* UserInformationPopupView.xib in Resources */ = {isa = PBXBuildFile; fileRef = 45264B6D1F3C857500933C50 /* UserInformationPopupView.xib */; };
		45264B711F3C962E00933C50 /* SlideOutMenu.storyboard in Resources */ = {isa = PBXBuildFile; fileRef = 45264B701F3C962E00933C50 /* SlideOutMenu.storyboard */; };
		45264B751F3C972B00933C50 /* SWRevealViewController.m in Sources */ = {isa = PBXBuildFile; fileRef = 45264B741F3C972B00933C50 /* SWRevealViewController.m */; };
		45264BAD1F3D842500933C50 /* RearUserInfoViewController.swift in Sources */ = {isa = PBXBuildFile; fileRef = 45264BAC1F3D842500933C50 /* RearUserInfoViewController.swift */; };
		45264BAF1F3D85CF00933C50 /* RearProfileImageTableViewCell.swift in Sources */ = {isa = PBXBuildFile; fileRef = 45264BAE1F3D85CF00933C50 /* RearProfileImageTableViewCell.swift */; };
		45264BB11F3D85E900933C50 /* RearSettingTableViewCell.swift in Sources */ = {isa = PBXBuildFile; fileRef = 45264BB01F3D85E900933C50 /* RearSettingTableViewCell.swift */; };
		45264BB31F3D982900933C50 /* ListOfLecture.storyboard in Resources */ = {isa = PBXBuildFile; fileRef = 45264BB21F3D982900933C50 /* ListOfLecture.storyboard */; };
		45264BB51F3D9ADF00933C50 /* ListOfLectureTableViewCell.swift in Sources */ = {isa = PBXBuildFile; fileRef = 45264BB41F3D9ADF00933C50 /* ListOfLectureTableViewCell.swift */; };
		45264BBD1F3DAC5600933C50 /* ListOfLectureViewController.swift in Sources */ = {isa = PBXBuildFile; fileRef = 45264BBC1F3DAC5600933C50 /* ListOfLectureViewController.swift */; };
		45264BBF1F3DB3BD00933C50 /* AssignLecture.storyboard in Resources */ = {isa = PBXBuildFile; fileRef = 45264BBE1F3DB3BD00933C50 /* AssignLecture.storyboard */; };
		45264BC11F3F546B00933C50 /* FAQViewController.swift in Sources */ = {isa = PBXBuildFile; fileRef = 45264BC01F3F546B00933C50 /* FAQViewController.swift */; };
		45264BC41F3F573D00933C50 /* FAQTableViewCell.swift in Sources */ = {isa = PBXBuildFile; fileRef = 45264BC21F3F573D00933C50 /* FAQTableViewCell.swift */; };
		45264BC51F3F573D00933C50 /* FAQTableViewCell.xib in Resources */ = {isa = PBXBuildFile; fileRef = 45264BC31F3F573D00933C50 /* FAQTableViewCell.xib */; };
		45264BC71F3F5A4800933C50 /* FAQViewController.storyboard in Resources */ = {isa = PBXBuildFile; fileRef = 45264BC61F3F5A4800933C50 /* FAQViewController.storyboard */; };
		45264BC91F454D6C00933C50 /* RegisterLecture.storyboard in Resources */ = {isa = PBXBuildFile; fileRef = 45264BC81F454D6C00933C50 /* RegisterLecture.storyboard */; };
		45264BCB1F46245100933C50 /* RegisterLectureFirstViewController.swift in Sources */ = {isa = PBXBuildFile; fileRef = 45264BCA1F46245100933C50 /* RegisterLectureFirstViewController.swift */; };
		45264BCD1F46245F00933C50 /* RegisterLectureSecondViewController.swift in Sources */ = {isa = PBXBuildFile; fileRef = 45264BCC1F46245F00933C50 /* RegisterLectureSecondViewController.swift */; };
		45264BCF1F46C9EC00933C50 /* RegisterLectureThirdViewController.swift in Sources */ = {isa = PBXBuildFile; fileRef = 45264BCE1F46C9EC00933C50 /* RegisterLectureThirdViewController.swift */; };
		45264BD11F46C9FC00933C50 /* RegisterLectureFourthViewController.swift in Sources */ = {isa = PBXBuildFile; fileRef = 45264BD01F46C9FC00933C50 /* RegisterLectureFourthViewController.swift */; };
		45264BD31F46FB4C00933C50 /* eclass.mp4 in Resources */ = {isa = PBXBuildFile; fileRef = 45264BD21F46FB4B00933C50 /* eclass.mp4 */; };
		45264C031F47095300933C50 /* computer0.png in Resources */ = {isa = PBXBuildFile; fileRef = 45264BFA1F47095200933C50 /* computer0.png */; };
		45264C041F47095300933C50 /* computer1.png in Resources */ = {isa = PBXBuildFile; fileRef = 45264BFB1F47095200933C50 /* computer1.png */; };
		45264C051F47095300933C50 /* computer2.png in Resources */ = {isa = PBXBuildFile; fileRef = 45264BFC1F47095200933C50 /* computer2.png */; };
		45264C061F47095300933C50 /* computer3.png in Resources */ = {isa = PBXBuildFile; fileRef = 45264BFD1F47095200933C50 /* computer3.png */; };
		45264C071F47095300933C50 /* computer4.png in Resources */ = {isa = PBXBuildFile; fileRef = 45264BFE1F47095200933C50 /* computer4.png */; };
		45264C081F47095300933C50 /* computer5.png in Resources */ = {isa = PBXBuildFile; fileRef = 45264BFF1F47095200933C50 /* computer5.png */; };
		45264C091F47095300933C50 /* computer6.png in Resources */ = {isa = PBXBuildFile; fileRef = 45264C001F47095200933C50 /* computer6.png */; };
		45264C0A1F47095300933C50 /* computer7.png in Resources */ = {isa = PBXBuildFile; fileRef = 45264C011F47095200933C50 /* computer7.png */; };
		45264C0B1F47095300933C50 /* computer8.png in Resources */ = {isa = PBXBuildFile; fileRef = 45264C021F47095200933C50 /* computer8.png */; };
		45264C151F47096100933C50 /* language0.png in Resources */ = {isa = PBXBuildFile; fileRef = 45264C0D1F47096100933C50 /* language0.png */; };
		45264C161F47096100933C50 /* language1.png in Resources */ = {isa = PBXBuildFile; fileRef = 45264C0E1F47096100933C50 /* language1.png */; };
		45264C171F47096100933C50 /* language2.png in Resources */ = {isa = PBXBuildFile; fileRef = 45264C0F1F47096100933C50 /* language2.png */; };
		45264C181F47096100933C50 /* language3.png in Resources */ = {isa = PBXBuildFile; fileRef = 45264C101F47096100933C50 /* language3.png */; };
		45264C191F47096100933C50 /* language4.png in Resources */ = {isa = PBXBuildFile; fileRef = 45264C111F47096100933C50 /* language4.png */; };
		45264C1A1F47096100933C50 /* language5.png in Resources */ = {isa = PBXBuildFile; fileRef = 45264C121F47096100933C50 /* language5.png */; };
		45264C1B1F47096100933C50 /* language6.png in Resources */ = {isa = PBXBuildFile; fileRef = 45264C131F47096100933C50 /* language6.png */; };
		45264C1C1F47096100933C50 /* language7.png in Resources */ = {isa = PBXBuildFile; fileRef = 45264C141F47096100933C50 /* language7.png */; };
		45264C261F47096600933C50 /* health0.png in Resources */ = {isa = PBXBuildFile; fileRef = 45264C1E1F47096600933C50 /* health0.png */; };
		45264C271F47096600933C50 /* health1.png in Resources */ = {isa = PBXBuildFile; fileRef = 45264C1F1F47096600933C50 /* health1.png */; };
		45264C281F47096600933C50 /* health2.png in Resources */ = {isa = PBXBuildFile; fileRef = 45264C201F47096600933C50 /* health2.png */; };
		45264C291F47096600933C50 /* health3.png in Resources */ = {isa = PBXBuildFile; fileRef = 45264C211F47096600933C50 /* health3.png */; };
		45264C2A1F47096600933C50 /* health4.png in Resources */ = {isa = PBXBuildFile; fileRef = 45264C221F47096600933C50 /* health4.png */; };
		45264C2B1F47096600933C50 /* health5.png in Resources */ = {isa = PBXBuildFile; fileRef = 45264C231F47096600933C50 /* health5.png */; };
		45264C2C1F47096600933C50 /* health6.png in Resources */ = {isa = PBXBuildFile; fileRef = 45264C241F47096600933C50 /* health6.png */; };
		45264C2D1F47096600933C50 /* health7.png in Resources */ = {isa = PBXBuildFile; fileRef = 45264C251F47096600933C50 /* health7.png */; };
		45264C381F47096B00933C50 /* music0.png in Resources */ = {isa = PBXBuildFile; fileRef = 45264C2F1F47096B00933C50 /* music0.png */; };
		45264C391F47096B00933C50 /* music1.png in Resources */ = {isa = PBXBuildFile; fileRef = 45264C301F47096B00933C50 /* music1.png */; };
		45264C3A1F47096B00933C50 /* music2.png in Resources */ = {isa = PBXBuildFile; fileRef = 45264C311F47096B00933C50 /* music2.png */; };
		45264C3B1F47096B00933C50 /* music3.png in Resources */ = {isa = PBXBuildFile; fileRef = 45264C321F47096B00933C50 /* music3.png */; };
		45264C3C1F47096B00933C50 /* music4.png in Resources */ = {isa = PBXBuildFile; fileRef = 45264C331F47096B00933C50 /* music4.png */; };
		45264C3D1F47096B00933C50 /* music5.png in Resources */ = {isa = PBXBuildFile; fileRef = 45264C341F47096B00933C50 /* music5.png */; };
		45264C3E1F47096B00933C50 /* music6.png in Resources */ = {isa = PBXBuildFile; fileRef = 45264C351F47096B00933C50 /* music6.png */; };
		45264C3F1F47096B00933C50 /* music7.png in Resources */ = {isa = PBXBuildFile; fileRef = 45264C361F47096B00933C50 /* music7.png */; };
		45264C401F47096B00933C50 /* music8.png in Resources */ = {isa = PBXBuildFile; fileRef = 45264C371F47096B00933C50 /* music8.png */; };
		45264C4A1F47097200933C50 /* major0.png in Resources */ = {isa = PBXBuildFile; fileRef = 45264C421F47097200933C50 /* major0.png */; };
		45264C4B1F47097200933C50 /* major1.png in Resources */ = {isa = PBXBuildFile; fileRef = 45264C431F47097200933C50 /* major1.png */; };
		45264C4C1F47097200933C50 /* major2.png in Resources */ = {isa = PBXBuildFile; fileRef = 45264C441F47097200933C50 /* major2.png */; };
		45264C4D1F47097200933C50 /* major3.png in Resources */ = {isa = PBXBuildFile; fileRef = 45264C451F47097200933C50 /* major3.png */; };
		45264C4E1F47097200933C50 /* major4.png in Resources */ = {isa = PBXBuildFile; fileRef = 45264C461F47097200933C50 /* major4.png */; };
		45264C4F1F47097200933C50 /* major5.png in Resources */ = {isa = PBXBuildFile; fileRef = 45264C471F47097200933C50 /* major5.png */; };
		45264C501F47097200933C50 /* major6.png in Resources */ = {isa = PBXBuildFile; fileRef = 45264C481F47097200933C50 /* major6.png */; };
		45264C511F47097200933C50 /* major7.png in Resources */ = {isa = PBXBuildFile; fileRef = 45264C491F47097200933C50 /* major7.png */; };
		45264C5B1F47097700933C50 /* hobby0.png in Resources */ = {isa = PBXBuildFile; fileRef = 45264C531F47097700933C50 /* hobby0.png */; };
		45264C5C1F47097700933C50 /* hobby1.png in Resources */ = {isa = PBXBuildFile; fileRef = 45264C541F47097700933C50 /* hobby1.png */; };
		45264C5D1F47097700933C50 /* hobby2.png in Resources */ = {isa = PBXBuildFile; fileRef = 45264C551F47097700933C50 /* hobby2.png */; };
		45264C5E1F47097700933C50 /* hobby3.png in Resources */ = {isa = PBXBuildFile; fileRef = 45264C561F47097700933C50 /* hobby3.png */; };
		45264C5F1F47097700933C50 /* hobby4.png in Resources */ = {isa = PBXBuildFile; fileRef = 45264C571F47097700933C50 /* hobby4.png */; };
		45264C601F47097700933C50 /* hobby5.png in Resources */ = {isa = PBXBuildFile; fileRef = 45264C581F47097700933C50 /* hobby5.png */; };
		45264C611F47097700933C50 /* hobby6.png in Resources */ = {isa = PBXBuildFile; fileRef = 45264C591F47097700933C50 /* hobby6.png */; };
		45264C621F47097700933C50 /* hobby7.png in Resources */ = {isa = PBXBuildFile; fileRef = 45264C5A1F47097700933C50 /* hobby7.png */; };
		45264C6D1F47097C00933C50 /* sports0.png in Resources */ = {isa = PBXBuildFile; fileRef = 45264C641F47097C00933C50 /* sports0.png */; };
		45264C6E1F47097C00933C50 /* sports1.png in Resources */ = {isa = PBXBuildFile; fileRef = 45264C651F47097C00933C50 /* sports1.png */; };
		45264C6F1F47097C00933C50 /* sports2.png in Resources */ = {isa = PBXBuildFile; fileRef = 45264C661F47097C00933C50 /* sports2.png */; };
		45264C701F47097C00933C50 /* sports3.png in Resources */ = {isa = PBXBuildFile; fileRef = 45264C671F47097C00933C50 /* sports3.png */; };
		45264C711F47097C00933C50 /* sports4.png in Resources */ = {isa = PBXBuildFile; fileRef = 45264C681F47097C00933C50 /* sports4.png */; };
		45264C721F47097C00933C50 /* sports5.png in Resources */ = {isa = PBXBuildFile; fileRef = 45264C691F47097C00933C50 /* sports5.png */; };
		45264C731F47097C00933C50 /* sports6.png in Resources */ = {isa = PBXBuildFile; fileRef = 45264C6A1F47097C00933C50 /* sports6.png */; };
		45264C741F47097C00933C50 /* sports7.png in Resources */ = {isa = PBXBuildFile; fileRef = 45264C6B1F47097C00933C50 /* sports7.png */; };
		45264C751F47097C00933C50 /* sports8.png in Resources */ = {isa = PBXBuildFile; fileRef = 45264C6C1F47097C00933C50 /* sports8.png */; };
		45264C901F47E67A00933C50 /* 8.png in Resources */ = {isa = PBXBuildFile; fileRef = 45264C8C1F47E67A00933C50 /* 8.png */; };
		45264C911F47E67A00933C50 /* 9.png in Resources */ = {isa = PBXBuildFile; fileRef = 45264C8D1F47E67A00933C50 /* 9.png */; };
		45264C921F47E67A00933C50 /* 10.png in Resources */ = {isa = PBXBuildFile; fileRef = 45264C8E1F47E67A00933C50 /* 10.png */; };
		45264C931F47E67A00933C50 /* 11.png in Resources */ = {isa = PBXBuildFile; fileRef = 45264C8F1F47E67A00933C50 /* 11.png */; };
		45264C951F47EA2C00933C50 /* ChangeSelfDescriptionTableViewCell.swift in Sources */ = {isa = PBXBuildFile; fileRef = 45264C941F47EA2C00933C50 /* ChangeSelfDescriptionTableViewCell.swift */; };
		45264C971F47EEB600933C50 /* elass_logo.png in Resources */ = {isa = PBXBuildFile; fileRef = 45264C961F47EEB600933C50 /* elass_logo.png */; };
		45264CB71F4884F700933C50 /* passion2.png in Resources */ = {isa = PBXBuildFile; fileRef = 45264CB61F4884F600933C50 /* passion2.png */; };
		45264CB91F4884FE00933C50 /* passion1.png in Resources */ = {isa = PBXBuildFile; fileRef = 45264CB81F4884FE00933C50 /* passion1.png */; };
		45264CBB1F48850400933C50 /* passion0.png in Resources */ = {isa = PBXBuildFile; fileRef = 45264CBA1F48850400933C50 /* passion0.png */; };
		45A57FA01F357BB0001F5C1A /* DataCenter.swift in Sources */ = {isa = PBXBuildFile; fileRef = 45A57F9F1F357BB0001F5C1A /* DataCenter.swift */; };
		45A57FA21F357BE5001F5C1A /* Main2.storyboard in Resources */ = {isa = PBXBuildFile; fileRef = 45A57FA11F357BE5001F5C1A /* Main2.storyboard */; };
		45A57FA41F357C12001F5C1A /* LogInViewController.swift in Sources */ = {isa = PBXBuildFile; fileRef = 45A57FA31F357C12001F5C1A /* LogInViewController.swift */; };
		45A57FA61F357C1D001F5C1A /* SignUpViewController.swift in Sources */ = {isa = PBXBuildFile; fileRef = 45A57FA51F357C1D001F5C1A /* SignUpViewController.swift */; };
		45A57FA81F357C26001F5C1A /* ChangeUserInfomationViewController.swift in Sources */ = {isa = PBXBuildFile; fileRef = 45A57FA71F357C26001F5C1A /* ChangeUserInfomationViewController.swift */; };
		45A57FAA1F357C45001F5C1A /* SelfDescriptionTableViewCell.swift in Sources */ = {isa = PBXBuildFile; fileRef = 45A57FA91F357C45001F5C1A /* SelfDescriptionTableViewCell.swift */; };
		45A57FAC1F357C4C001F5C1A /* ProfileImageTableViewCell.swift in Sources */ = {isa = PBXBuildFile; fileRef = 45A57FAB1F357C4C001F5C1A /* ProfileImageTableViewCell.swift */; };
		45A57FAE1F357C56001F5C1A /* ProfileTableViewCell.swift in Sources */ = {isa = PBXBuildFile; fileRef = 45A57FAD1F357C56001F5C1A /* ProfileTableViewCell.swift */; };
		45A57FB01F357C5D001F5C1A /* DetailChangeUserInfoViewController.swift in Sources */ = {isa = PBXBuildFile; fileRef = 45A57FAF1F357C5D001F5C1A /* DetailChangeUserInfoViewController.swift */; };
		45A57FB21F357C6F001F5C1A /* DetailLogInViewController.swift in Sources */ = {isa = PBXBuildFile; fileRef = 45A57FB11F357C6F001F5C1A /* DetailLogInViewController.swift */; };
		7505F5131F4EA955007A75F2 /* enter.gif in Resources */ = {isa = PBXBuildFile; fileRef = 7505F5121F4EA955007A75F2 /* enter.gif */; };
		7505F5151F4EA9F2007A75F2 /* whysoserious.gif in Resources */ = {isa = PBXBuildFile; fileRef = 7505F5141F4EA9F2007A75F2 /* whysoserious.gif */; };
		7505F5171F4EDD42007A75F2 /* LectureImagesViewController.swift in Sources */ = {isa = PBXBuildFile; fileRef = 7505F5161F4EDD42007A75F2 /* LectureImagesViewController.swift */; };
		7518F5141F468FB50088ED19 /* Constant.swift in Sources */ = {isa = PBXBuildFile; fileRef = 7518F5131F468FB50088ED19 /* Constant.swift */; };
		7518F51A1F489E610088ED19 /* LetureRegistViewController.swift in Sources */ = {isa = PBXBuildFile; fileRef = 7518F5191F489E610088ED19 /* LetureRegistViewController.swift */; };
		7518F51D1F49505B0088ED19 /* LectureShowTableCell.swift in Sources */ = {isa = PBXBuildFile; fileRef = 7518F51B1F49505B0088ED19 /* LectureShowTableCell.swift */; };
		7518F51E1F49505B0088ED19 /* LectureShowTableCell.xib in Resources */ = {isa = PBXBuildFile; fileRef = 7518F51C1F49505B0088ED19 /* LectureShowTableCell.xib */; };
		7518F5211F49585C0088ED19 /* ReviewShowTableViewCell.swift in Sources */ = {isa = PBXBuildFile; fileRef = 7518F51F1F49585C0088ED19 /* ReviewShowTableViewCell.swift */; };
		7518F5221F49585C0088ED19 /* ReviewShowTableViewCell.xib in Resources */ = {isa = PBXBuildFile; fileRef = 7518F5201F49585C0088ED19 /* ReviewShowTableViewCell.xib */; };
		752FEB691F4EA24400F53B2C /* WebViewContent.html in Resources */ = {isa = PBXBuildFile; fileRef = 752FEB681F4EA24400F53B2C /* WebViewContent.html */; };
		752FEB6B1F4EA5BA00F53B2C /* railway.gif in Resources */ = {isa = PBXBuildFile; fileRef = 752FEB6A1F4EA5BA00F53B2C /* railway.gif */; };
		752FEB6D1F4EA7A300F53B2C /* joker.gif in Resources */ = {isa = PBXBuildFile; fileRef = 752FEB6C1F4EA7A300F53B2C /* joker.gif */; };
		75346BC71F4DB4A000F580FC /* SearchTextViewController.swift in Sources */ = {isa = PBXBuildFile; fileRef = 75346BC61F4DB4A000F580FC /* SearchTextViewController.swift */; };
		75346BCD1F4DD9FF00F580FC /* MakeClassViewController.swift in Sources */ = {isa = PBXBuildFile; fileRef = 75346BCC1F4DD9FF00F580FC /* MakeClassViewController.swift */; };
		75346BCF1F4E98CA00F580FC /* ronaldo.gif in Resources */ = {isa = PBXBuildFile; fileRef = 75346BCE1F4E98CA00F580FC /* ronaldo.gif */; };
		756439121F5C592400223B45 /* StartViewController.swift in Sources */ = {isa = PBXBuildFile; fileRef = 756439111F5C592400223B45 /* StartViewController.swift */; };
		758D9CB91F4C1D70005B858D /* StarReview.swift in Sources */ = {isa = PBXBuildFile; fileRef = 758D9CB81F4C1D70005B858D /* StarReview.swift */; };
		759155901F3C62C80010686B /* LectureIntroTableViewCell.swift in Sources */ = {isa = PBXBuildFile; fileRef = 7591558E1F3C62C80010686B /* LectureIntroTableViewCell.swift */; };
		759155911F3C62C80010686B /* LectureIntroTableViewCell.xib in Resources */ = {isa = PBXBuildFile; fileRef = 7591558F1F3C62C80010686B /* LectureIntroTableViewCell.xib */; };
		759155981F3CA8740010686B /* MapLocationTableViewCell.swift in Sources */ = {isa = PBXBuildFile; fileRef = 759155961F3CA8740010686B /* MapLocationTableViewCell.swift */; };
		759155991F3CA8740010686B /* MapLocationTableViewCell.xib in Resources */ = {isa = PBXBuildFile; fileRef = 759155971F3CA8740010686B /* MapLocationTableViewCell.xib */; };
		7591559C1F3CB9CD0010686B /* LectureReviewTableViewCell.swift in Sources */ = {isa = PBXBuildFile; fileRef = 7591559A1F3CB9CD0010686B /* LectureReviewTableViewCell.swift */; };
		7591559D1F3CB9CD0010686B /* LectureReviewTableViewCell.xib in Resources */ = {isa = PBXBuildFile; fileRef = 7591559B1F3CB9CD0010686B /* LectureReviewTableViewCell.xib */; };
		759155A41F3D8CD60010686B /* LectureImageCollectionViewCell.swift in Sources */ = {isa = PBXBuildFile; fileRef = 759155A21F3D8CD60010686B /* LectureImageCollectionViewCell.swift */; };
		759155A51F3D8CD60010686B /* LectureImageCollectionViewCell.xib in Resources */ = {isa = PBXBuildFile; fileRef = 759155A31F3D8CD60010686B /* LectureImageCollectionViewCell.xib */; };
		759155AB1F414A390010686B /* ReviewShowTableViewController.swift in Sources */ = {isa = PBXBuildFile; fileRef = 759155AA1F414A390010686B /* ReviewShowTableViewController.swift */; };
		759155AD1F417CE90010686B /* ReviewAddViewController.swift in Sources */ = {isa = PBXBuildFile; fileRef = 759155AC1F417CE90010686B /* ReviewAddViewController.swift */; };
		75BC381E1F39DCE200AA9E96 /* IntroductionTableViewCell.swift in Sources */ = {isa = PBXBuildFile; fileRef = 75BC381D1F39DCE200AA9E96 /* IntroductionTableViewCell.swift */; };
		75BC38221F3ACDC000AA9E96 /* MainImageTableViewCell.swift in Sources */ = {isa = PBXBuildFile; fileRef = 75BC38211F3ACDC000AA9E96 /* MainImageTableViewCell.swift */; };
		75BC38281F3ADF6500AA9E96 /* TutorInfoTableViewCell.swift in Sources */ = {isa = PBXBuildFile; fileRef = 75BC38271F3ADF6500AA9E96 /* TutorInfoTableViewCell.swift */; };
		75BC382D1F3AF36600AA9E96 /* TutorDetailTableViewCell.swift in Sources */ = {isa = PBXBuildFile; fileRef = 75BC382B1F3AF36600AA9E96 /* TutorDetailTableViewCell.swift */; };
		75BC382E1F3AF36600AA9E96 /* TutorDetailTableViewCell.xib in Resources */ = {isa = PBXBuildFile; fileRef = 75BC382C1F3AF36600AA9E96 /* TutorDetailTableViewCell.xib */; };
		75BC38301F3AF56500AA9E96 /* SimpleImageTableViewCell.swift in Sources */ = {isa = PBXBuildFile; fileRef = 75BC382F1F3AF56500AA9E96 /* SimpleImageTableViewCell.swift */; };
		75C416E01F4EE5FA0025AB9E /* LecturePhotoCollectionViewCell.swift in Sources */ = {isa = PBXBuildFile; fileRef = 75C416DF1F4EE5FA0025AB9E /* LecturePhotoCollectionViewCell.swift */; };
		75D1B2111F3575F80068C20C /* Assets.xcassets in Resources */ = {isa = PBXBuildFile; fileRef = 75D1B2101F3575F80068C20C /* Assets.xcassets */; };
		75D1B2141F3575F80068C20C /* LaunchScreen.storyboard in Resources */ = {isa = PBXBuildFile; fileRef = 75D1B2121F3575F80068C20C /* LaunchScreen.storyboard */; };
		75D1B21E1F357C3C0068C20C /* MainTableViewController.swift in Sources */ = {isa = PBXBuildFile; fileRef = 75D1B21D1F357C3C0068C20C /* MainTableViewController.swift */; };
		75D1B2851F357C6A0068C20C /* MainPage.storyboard in Resources */ = {isa = PBXBuildFile; fileRef = 75D1B27E1F357C6A0068C20C /* MainPage.storyboard */; };
		75D1B2861F357C6A0068C20C /* RecommendCollectionViewCell.swift in Sources */ = {isa = PBXBuildFile; fileRef = 75D1B27F1F357C6A0068C20C /* RecommendCollectionViewCell.swift */; };
		75D1B2871F357C6A0068C20C /* RecommendTableViewCell.swift in Sources */ = {isa = PBXBuildFile; fileRef = 75D1B2801F357C6A0068C20C /* RecommendTableViewCell.swift */; };
		75D1B2881F357C6A0068C20C /* CategoryTableViewCell.swift in Sources */ = {isa = PBXBuildFile; fileRef = 75D1B2811F357C6A0068C20C /* CategoryTableViewCell.swift */; };
		75D1B2891F357C6A0068C20C /* CategoryCollectionViewCell.swift in Sources */ = {isa = PBXBuildFile; fileRef = 75D1B2821F357C6A0068C20C /* CategoryCollectionViewCell.swift */; };
		75D1B28A1F357C6A0068C20C /* LocationTableViewCell.swift in Sources */ = {isa = PBXBuildFile; fileRef = 75D1B2831F357C6A0068C20C /* LocationTableViewCell.swift */; };
		75D1B28B1F357C6A0068C20C /* LocationCollectionViewCell.swift in Sources */ = {isa = PBXBuildFile; fileRef = 75D1B2841F357C6A0068C20C /* LocationCollectionViewCell.swift */; };
		75D1B28E1F357C810068C20C /* DetailPage.storyboard in Resources */ = {isa = PBXBuildFile; fileRef = 75D1B28C1F357C810068C20C /* DetailPage.storyboard */; };
		75D1B28F1F357C810068C20C /* DetailTableViewController.swift in Sources */ = {isa = PBXBuildFile; fileRef = 75D1B28D1F357C810068C20C /* DetailTableViewController.swift */; };
		75D1B2961F357C8D0068C20C /* SearchPage.storyboard in Resources */ = {isa = PBXBuildFile; fileRef = 75D1B2901F357C8D0068C20C /* SearchPage.storyboard */; };
		75D1B2971F357C8D0068C20C /* LocationSelect.storyboard in Resources */ = {isa = PBXBuildFile; fileRef = 75D1B2911F357C8D0068C20C /* LocationSelect.storyboard */; };
		75D1B2981F357C8D0068C20C /* CategorySelect.storyboard in Resources */ = {isa = PBXBuildFile; fileRef = 75D1B2921F357C8D0068C20C /* CategorySelect.storyboard */; };
		75D1B2991F357C8D0068C20C /* CategorySelectViewController.swift in Sources */ = {isa = PBXBuildFile; fileRef = 75D1B2931F357C8D0068C20C /* CategorySelectViewController.swift */; };
		75D1B29A1F357C8D0068C20C /* SearchViewController.swift in Sources */ = {isa = PBXBuildFile; fileRef = 75D1B2941F357C8D0068C20C /* SearchViewController.swift */; };
		75D1B29B1F357C8D0068C20C /* LocationSelectViewController.swift in Sources */ = {isa = PBXBuildFile; fileRef = 75D1B2951F357C8D0068C20C /* LocationSelectViewController.swift */; };
		75D1B29E1F357CB40068C20C /* pac-man-logo.gif in Resources */ = {isa = PBXBuildFile; fileRef = 75D1B29C1F357CB40068C20C /* pac-man-logo.gif */; };
		75D1B29F1F357CB40068C20C /* five.jpg in Resources */ = {isa = PBXBuildFile; fileRef = 75D1B29D1F357CB40068C20C /* five.jpg */; };
		75D1B2A11F3581D10068C20C /* AppDelegate.swift in Sources */ = {isa = PBXBuildFile; fileRef = 75D1B2A01F3581D10068C20C /* AppDelegate.swift */; };
		7938897566E942ADED17E528 /* Pods_EClass.framework in Frameworks */ = {isa = PBXBuildFile; fileRef = A979C041A7CCF9B1C070F361 /* Pods_EClass.framework */; };
/* End PBXBuildFile section */

/* Begin PBXFileReference section */
		451BC7FD1F4D519700D11AA6 /* ChangePasswordViewController.swift */ = {isa = PBXFileReference; fileEncoding = 4; lastKnownFileType = sourcecode.swift; path = ChangePasswordViewController.swift; sourceTree = "<group>"; };
		451BC7FF1F4D52C400D11AA6 /* lock.jpeg */ = {isa = PBXFileReference; lastKnownFileType = image.jpeg; path = lock.jpeg; sourceTree = "<group>"; };
		451BC8011F4D5D8600D11AA6 /* 6.png */ = {isa = PBXFileReference; lastKnownFileType = image.png; name = 6.png; path = ../6.png; sourceTree = "<group>"; };
		451BC8031F4D64B700D11AA6 /* 7.png */ = {isa = PBXFileReference; lastKnownFileType = image.png; name = 7.png; path = ../7.png; sourceTree = "<group>"; };
		451BC8061F4D68C700D11AA6 /* register0.png */ = {isa = PBXFileReference; lastKnownFileType = image.png; path = register0.png; sourceTree = "<group>"; };
		451BC8071F4D68C700D11AA6 /* register1.png */ = {isa = PBXFileReference; lastKnownFileType = image.png; path = register1.png; sourceTree = "<group>"; };
		451BC8081F4D68C700D11AA6 /* register2.png */ = {isa = PBXFileReference; lastKnownFileType = image.png; path = register2.png; sourceTree = "<group>"; };
		451BC80C1F4D6ACC00D11AA6 /* noImage.png */ = {isa = PBXFileReference; lastKnownFileType = image.png; path = noImage.png; sourceTree = "<group>"; };
		451BC80E1F4D733F00D11AA6 /* RegisterTutorViewController.swift */ = {isa = PBXFileReference; fileEncoding = 4; lastKnownFileType = sourcecode.swift; path = RegisterTutorViewController.swift; sourceTree = "<group>"; };
		451BC8101F4D734C00D11AA6 /* RegisterTutor.storyboard */ = {isa = PBXFileReference; fileEncoding = 4; lastKnownFileType = file.storyboard; path = RegisterTutor.storyboard; sourceTree = "<group>"; };
		451BC8121F4D748A00D11AA6 /* RegisterTutorTableViewCell1.swift */ = {isa = PBXFileReference; fileEncoding = 4; lastKnownFileType = sourcecode.swift; path = RegisterTutorTableViewCell1.swift; sourceTree = "<group>"; };
		451BC8141F4D758F00D11AA6 /* RegisterTutorTableViewCell2.swift */ = {isa = PBXFileReference; fileEncoding = 4; lastKnownFileType = sourcecode.swift; path = RegisterTutorTableViewCell2.swift; sourceTree = "<group>"; };
		451BC8161F4D813400D11AA6 /* RegisterTutorTableViewCell3.swift */ = {isa = PBXFileReference; fileEncoding = 4; lastKnownFileType = sourcecode.swift; path = RegisterTutorTableViewCell3.swift; sourceTree = "<group>"; };
		451BC8181F4D935C00D11AA6 /* 5.png */ = {isa = PBXFileReference; lastKnownFileType = image.png; path = 5.png; sourceTree = "<group>"; };
		451BC83C1F4E98BB00D11AA6 /* register3.jpg */ = {isa = PBXFileReference; lastKnownFileType = image.jpeg; path = register3.jpg; sourceTree = "<group>"; };
		45264B001F3C7DDB00933C50 /* InputUserGenderTableViewCell.swift */ = {isa = PBXFileReference; fileEncoding = 4; lastKnownFileType = sourcecode.swift; path = InputUserGenderTableViewCell.swift; sourceTree = "<group>"; };
		45264B021F3C7E5B00933C50 /* InputUserDataTableViewCell.swift */ = {isa = PBXFileReference; fileEncoding = 4; lastKnownFileType = sourcecode.swift; path = InputUserDataTableViewCell.swift; sourceTree = "<group>"; };
		45264B6C1F3C857500933C50 /* UserInformationPopupView.swift */ = {isa = PBXFileReference; fileEncoding = 4; lastKnownFileType = sourcecode.swift; path = UserInformationPopupView.swift; sourceTree = "<group>"; };
		45264B6D1F3C857500933C50 /* UserInformationPopupView.xib */ = {isa = PBXFileReference; fileEncoding = 4; lastKnownFileType = file.xib; path = UserInformationPopupView.xib; sourceTree = "<group>"; };
		45264B701F3C962E00933C50 /* SlideOutMenu.storyboard */ = {isa = PBXFileReference; fileEncoding = 4; lastKnownFileType = file.storyboard; path = SlideOutMenu.storyboard; sourceTree = "<group>"; };
		45264B721F3C972A00933C50 /* EClass-Bridging-Header.h */ = {isa = PBXFileReference; lastKnownFileType = sourcecode.c.h; path = "EClass-Bridging-Header.h"; sourceTree = "<group>"; };
		45264B731F3C972B00933C50 /* SWRevealViewController.h */ = {isa = PBXFileReference; fileEncoding = 4; lastKnownFileType = sourcecode.c.h; path = SWRevealViewController.h; sourceTree = "<group>"; };
		45264B741F3C972B00933C50 /* SWRevealViewController.m */ = {isa = PBXFileReference; fileEncoding = 4; lastKnownFileType = sourcecode.c.objc; path = SWRevealViewController.m; sourceTree = "<group>"; };
		45264BAC1F3D842500933C50 /* RearUserInfoViewController.swift */ = {isa = PBXFileReference; fileEncoding = 4; lastKnownFileType = sourcecode.swift; path = RearUserInfoViewController.swift; sourceTree = "<group>"; };
		45264BAE1F3D85CF00933C50 /* RearProfileImageTableViewCell.swift */ = {isa = PBXFileReference; fileEncoding = 4; lastKnownFileType = sourcecode.swift; path = RearProfileImageTableViewCell.swift; sourceTree = "<group>"; };
		45264BB01F3D85E900933C50 /* RearSettingTableViewCell.swift */ = {isa = PBXFileReference; fileEncoding = 4; lastKnownFileType = sourcecode.swift; path = RearSettingTableViewCell.swift; sourceTree = "<group>"; };
		45264BB21F3D982900933C50 /* ListOfLecture.storyboard */ = {isa = PBXFileReference; fileEncoding = 4; lastKnownFileType = file.storyboard; path = ListOfLecture.storyboard; sourceTree = "<group>"; };
		45264BB41F3D9ADF00933C50 /* ListOfLectureTableViewCell.swift */ = {isa = PBXFileReference; fileEncoding = 4; lastKnownFileType = sourcecode.swift; path = ListOfLectureTableViewCell.swift; sourceTree = "<group>"; };
		45264BBC1F3DAC5600933C50 /* ListOfLectureViewController.swift */ = {isa = PBXFileReference; fileEncoding = 4; lastKnownFileType = sourcecode.swift; path = ListOfLectureViewController.swift; sourceTree = "<group>"; };
		45264BBE1F3DB3BD00933C50 /* AssignLecture.storyboard */ = {isa = PBXFileReference; fileEncoding = 4; lastKnownFileType = file.storyboard; path = AssignLecture.storyboard; sourceTree = "<group>"; };
		45264BC01F3F546B00933C50 /* FAQViewController.swift */ = {isa = PBXFileReference; fileEncoding = 4; lastKnownFileType = sourcecode.swift; path = FAQViewController.swift; sourceTree = "<group>"; };
		45264BC21F3F573D00933C50 /* FAQTableViewCell.swift */ = {isa = PBXFileReference; fileEncoding = 4; lastKnownFileType = sourcecode.swift; path = FAQTableViewCell.swift; sourceTree = "<group>"; };
		45264BC31F3F573D00933C50 /* FAQTableViewCell.xib */ = {isa = PBXFileReference; fileEncoding = 4; lastKnownFileType = file.xib; path = FAQTableViewCell.xib; sourceTree = "<group>"; };
		45264BC61F3F5A4800933C50 /* FAQViewController.storyboard */ = {isa = PBXFileReference; fileEncoding = 4; lastKnownFileType = file.storyboard; path = FAQViewController.storyboard; sourceTree = "<group>"; };
		45264BC81F454D6C00933C50 /* RegisterLecture.storyboard */ = {isa = PBXFileReference; fileEncoding = 4; lastKnownFileType = file.storyboard; path = RegisterLecture.storyboard; sourceTree = "<group>"; };
		45264BCA1F46245100933C50 /* RegisterLectureFirstViewController.swift */ = {isa = PBXFileReference; fileEncoding = 4; lastKnownFileType = sourcecode.swift; path = RegisterLectureFirstViewController.swift; sourceTree = "<group>"; };
		45264BCC1F46245F00933C50 /* RegisterLectureSecondViewController.swift */ = {isa = PBXFileReference; fileEncoding = 4; lastKnownFileType = sourcecode.swift; path = RegisterLectureSecondViewController.swift; sourceTree = "<group>"; };
		45264BCE1F46C9EC00933C50 /* RegisterLectureThirdViewController.swift */ = {isa = PBXFileReference; fileEncoding = 4; lastKnownFileType = sourcecode.swift; path = RegisterLectureThirdViewController.swift; sourceTree = "<group>"; };
		45264BD01F46C9FC00933C50 /* RegisterLectureFourthViewController.swift */ = {isa = PBXFileReference; fileEncoding = 4; lastKnownFileType = sourcecode.swift; path = RegisterLectureFourthViewController.swift; sourceTree = "<group>"; };
		45264BD21F46FB4B00933C50 /* eclass.mp4 */ = {isa = PBXFileReference; lastKnownFileType = file; path = eclass.mp4; sourceTree = "<group>"; };
		45264BFA1F47095200933C50 /* computer0.png */ = {isa = PBXFileReference; lastKnownFileType = image.png; path = computer0.png; sourceTree = "<group>"; };
		45264BFB1F47095200933C50 /* computer1.png */ = {isa = PBXFileReference; lastKnownFileType = image.png; path = computer1.png; sourceTree = "<group>"; };
		45264BFC1F47095200933C50 /* computer2.png */ = {isa = PBXFileReference; lastKnownFileType = image.png; path = computer2.png; sourceTree = "<group>"; };
		45264BFD1F47095200933C50 /* computer3.png */ = {isa = PBXFileReference; lastKnownFileType = image.png; path = computer3.png; sourceTree = "<group>"; };
		45264BFE1F47095200933C50 /* computer4.png */ = {isa = PBXFileReference; lastKnownFileType = image.png; path = computer4.png; sourceTree = "<group>"; };
		45264BFF1F47095200933C50 /* computer5.png */ = {isa = PBXFileReference; lastKnownFileType = image.png; path = computer5.png; sourceTree = "<group>"; };
		45264C001F47095200933C50 /* computer6.png */ = {isa = PBXFileReference; lastKnownFileType = image.png; path = computer6.png; sourceTree = "<group>"; };
		45264C011F47095200933C50 /* computer7.png */ = {isa = PBXFileReference; lastKnownFileType = image.png; path = computer7.png; sourceTree = "<group>"; };
		45264C021F47095200933C50 /* computer8.png */ = {isa = PBXFileReference; lastKnownFileType = image.png; path = computer8.png; sourceTree = "<group>"; };
		45264C0D1F47096100933C50 /* language0.png */ = {isa = PBXFileReference; lastKnownFileType = image.png; path = language0.png; sourceTree = "<group>"; };
		45264C0E1F47096100933C50 /* language1.png */ = {isa = PBXFileReference; lastKnownFileType = image.png; path = language1.png; sourceTree = "<group>"; };
		45264C0F1F47096100933C50 /* language2.png */ = {isa = PBXFileReference; lastKnownFileType = image.png; path = language2.png; sourceTree = "<group>"; };
		45264C101F47096100933C50 /* language3.png */ = {isa = PBXFileReference; lastKnownFileType = image.png; path = language3.png; sourceTree = "<group>"; };
		45264C111F47096100933C50 /* language4.png */ = {isa = PBXFileReference; lastKnownFileType = image.png; path = language4.png; sourceTree = "<group>"; };
		45264C121F47096100933C50 /* language5.png */ = {isa = PBXFileReference; lastKnownFileType = image.png; path = language5.png; sourceTree = "<group>"; };
		45264C131F47096100933C50 /* language6.png */ = {isa = PBXFileReference; lastKnownFileType = image.png; path = language6.png; sourceTree = "<group>"; };
		45264C141F47096100933C50 /* language7.png */ = {isa = PBXFileReference; lastKnownFileType = image.png; path = language7.png; sourceTree = "<group>"; };
		45264C1E1F47096600933C50 /* health0.png */ = {isa = PBXFileReference; lastKnownFileType = image.png; path = health0.png; sourceTree = "<group>"; };
		45264C1F1F47096600933C50 /* health1.png */ = {isa = PBXFileReference; lastKnownFileType = image.png; path = health1.png; sourceTree = "<group>"; };
		45264C201F47096600933C50 /* health2.png */ = {isa = PBXFileReference; lastKnownFileType = image.png; path = health2.png; sourceTree = "<group>"; };
		45264C211F47096600933C50 /* health3.png */ = {isa = PBXFileReference; lastKnownFileType = image.png; path = health3.png; sourceTree = "<group>"; };
		45264C221F47096600933C50 /* health4.png */ = {isa = PBXFileReference; lastKnownFileType = image.png; path = health4.png; sourceTree = "<group>"; };
		45264C231F47096600933C50 /* health5.png */ = {isa = PBXFileReference; lastKnownFileType = image.png; path = health5.png; sourceTree = "<group>"; };
		45264C241F47096600933C50 /* health6.png */ = {isa = PBXFileReference; lastKnownFileType = image.png; path = health6.png; sourceTree = "<group>"; };
		45264C251F47096600933C50 /* health7.png */ = {isa = PBXFileReference; lastKnownFileType = image.png; path = health7.png; sourceTree = "<group>"; };
		45264C2F1F47096B00933C50 /* music0.png */ = {isa = PBXFileReference; lastKnownFileType = image.png; path = music0.png; sourceTree = "<group>"; };
		45264C301F47096B00933C50 /* music1.png */ = {isa = PBXFileReference; lastKnownFileType = image.png; path = music1.png; sourceTree = "<group>"; };
		45264C311F47096B00933C50 /* music2.png */ = {isa = PBXFileReference; lastKnownFileType = image.png; path = music2.png; sourceTree = "<group>"; };
		45264C321F47096B00933C50 /* music3.png */ = {isa = PBXFileReference; lastKnownFileType = image.png; path = music3.png; sourceTree = "<group>"; };
		45264C331F47096B00933C50 /* music4.png */ = {isa = PBXFileReference; lastKnownFileType = image.png; path = music4.png; sourceTree = "<group>"; };
		45264C341F47096B00933C50 /* music5.png */ = {isa = PBXFileReference; lastKnownFileType = image.png; path = music5.png; sourceTree = "<group>"; };
		45264C351F47096B00933C50 /* music6.png */ = {isa = PBXFileReference; lastKnownFileType = image.png; path = music6.png; sourceTree = "<group>"; };
		45264C361F47096B00933C50 /* music7.png */ = {isa = PBXFileReference; lastKnownFileType = image.png; path = music7.png; sourceTree = "<group>"; };
		45264C371F47096B00933C50 /* music8.png */ = {isa = PBXFileReference; lastKnownFileType = image.png; path = music8.png; sourceTree = "<group>"; };
		45264C421F47097200933C50 /* major0.png */ = {isa = PBXFileReference; lastKnownFileType = image.png; path = major0.png; sourceTree = "<group>"; };
		45264C431F47097200933C50 /* major1.png */ = {isa = PBXFileReference; lastKnownFileType = image.png; path = major1.png; sourceTree = "<group>"; };
		45264C441F47097200933C50 /* major2.png */ = {isa = PBXFileReference; lastKnownFileType = image.png; path = major2.png; sourceTree = "<group>"; };
		45264C451F47097200933C50 /* major3.png */ = {isa = PBXFileReference; lastKnownFileType = image.png; path = major3.png; sourceTree = "<group>"; };
		45264C461F47097200933C50 /* major4.png */ = {isa = PBXFileReference; lastKnownFileType = image.png; path = major4.png; sourceTree = "<group>"; };
		45264C471F47097200933C50 /* major5.png */ = {isa = PBXFileReference; lastKnownFileType = image.png; path = major5.png; sourceTree = "<group>"; };
		45264C481F47097200933C50 /* major6.png */ = {isa = PBXFileReference; lastKnownFileType = image.png; path = major6.png; sourceTree = "<group>"; };
		45264C491F47097200933C50 /* major7.png */ = {isa = PBXFileReference; lastKnownFileType = image.png; path = major7.png; sourceTree = "<group>"; };
		45264C531F47097700933C50 /* hobby0.png */ = {isa = PBXFileReference; lastKnownFileType = image.png; path = hobby0.png; sourceTree = "<group>"; };
		45264C541F47097700933C50 /* hobby1.png */ = {isa = PBXFileReference; lastKnownFileType = image.png; path = hobby1.png; sourceTree = "<group>"; };
		45264C551F47097700933C50 /* hobby2.png */ = {isa = PBXFileReference; lastKnownFileType = image.png; path = hobby2.png; sourceTree = "<group>"; };
		45264C561F47097700933C50 /* hobby3.png */ = {isa = PBXFileReference; lastKnownFileType = image.png; path = hobby3.png; sourceTree = "<group>"; };
		45264C571F47097700933C50 /* hobby4.png */ = {isa = PBXFileReference; lastKnownFileType = image.png; path = hobby4.png; sourceTree = "<group>"; };
		45264C581F47097700933C50 /* hobby5.png */ = {isa = PBXFileReference; lastKnownFileType = image.png; path = hobby5.png; sourceTree = "<group>"; };
		45264C591F47097700933C50 /* hobby6.png */ = {isa = PBXFileReference; lastKnownFileType = image.png; path = hobby6.png; sourceTree = "<group>"; };
		45264C5A1F47097700933C50 /* hobby7.png */ = {isa = PBXFileReference; lastKnownFileType = image.png; path = hobby7.png; sourceTree = "<group>"; };
		45264C641F47097C00933C50 /* sports0.png */ = {isa = PBXFileReference; lastKnownFileType = image.png; path = sports0.png; sourceTree = "<group>"; };
		45264C651F47097C00933C50 /* sports1.png */ = {isa = PBXFileReference; lastKnownFileType = image.png; path = sports1.png; sourceTree = "<group>"; };
		45264C661F47097C00933C50 /* sports2.png */ = {isa = PBXFileReference; lastKnownFileType = image.png; path = sports2.png; sourceTree = "<group>"; };
		45264C671F47097C00933C50 /* sports3.png */ = {isa = PBXFileReference; lastKnownFileType = image.png; path = sports3.png; sourceTree = "<group>"; };
		45264C681F47097C00933C50 /* sports4.png */ = {isa = PBXFileReference; lastKnownFileType = image.png; path = sports4.png; sourceTree = "<group>"; };
		45264C691F47097C00933C50 /* sports5.png */ = {isa = PBXFileReference; lastKnownFileType = image.png; path = sports5.png; sourceTree = "<group>"; };
		45264C6A1F47097C00933C50 /* sports6.png */ = {isa = PBXFileReference; lastKnownFileType = image.png; path = sports6.png; sourceTree = "<group>"; };
		45264C6B1F47097C00933C50 /* sports7.png */ = {isa = PBXFileReference; lastKnownFileType = image.png; path = sports7.png; sourceTree = "<group>"; };
		45264C6C1F47097C00933C50 /* sports8.png */ = {isa = PBXFileReference; lastKnownFileType = image.png; path = sports8.png; sourceTree = "<group>"; };
		45264C8C1F47E67A00933C50 /* 8.png */ = {isa = PBXFileReference; lastKnownFileType = image.png; path = 8.png; sourceTree = "<group>"; };
		45264C8D1F47E67A00933C50 /* 9.png */ = {isa = PBXFileReference; lastKnownFileType = image.png; path = 9.png; sourceTree = "<group>"; };
		45264C8E1F47E67A00933C50 /* 10.png */ = {isa = PBXFileReference; lastKnownFileType = image.png; path = 10.png; sourceTree = "<group>"; };
		45264C8F1F47E67A00933C50 /* 11.png */ = {isa = PBXFileReference; lastKnownFileType = image.png; path = 11.png; sourceTree = "<group>"; };
		45264C941F47EA2C00933C50 /* ChangeSelfDescriptionTableViewCell.swift */ = {isa = PBXFileReference; fileEncoding = 4; lastKnownFileType = sourcecode.swift; path = ChangeSelfDescriptionTableViewCell.swift; sourceTree = "<group>"; };
		45264C961F47EEB600933C50 /* elass_logo.png */ = {isa = PBXFileReference; lastKnownFileType = image.png; path = elass_logo.png; sourceTree = "<group>"; };
		45264CB61F4884F600933C50 /* passion2.png */ = {isa = PBXFileReference; lastKnownFileType = image.png; path = passion2.png; sourceTree = "<group>"; };
		45264CB81F4884FE00933C50 /* passion1.png */ = {isa = PBXFileReference; lastKnownFileType = image.png; path = passion1.png; sourceTree = "<group>"; };
		45264CBA1F48850400933C50 /* passion0.png */ = {isa = PBXFileReference; lastKnownFileType = image.png; path = passion0.png; sourceTree = "<group>"; };
		45A57F9F1F357BB0001F5C1A /* DataCenter.swift */ = {isa = PBXFileReference; fileEncoding = 4; lastKnownFileType = sourcecode.swift; path = DataCenter.swift; sourceTree = "<group>"; };
		45A57FA11F357BE5001F5C1A /* Main2.storyboard */ = {isa = PBXFileReference; fileEncoding = 4; lastKnownFileType = file.storyboard; path = Main2.storyboard; sourceTree = "<group>"; };
		45A57FA31F357C12001F5C1A /* LogInViewController.swift */ = {isa = PBXFileReference; fileEncoding = 4; lastKnownFileType = sourcecode.swift; path = LogInViewController.swift; sourceTree = "<group>"; };
		45A57FA51F357C1D001F5C1A /* SignUpViewController.swift */ = {isa = PBXFileReference; fileEncoding = 4; lastKnownFileType = sourcecode.swift; path = SignUpViewController.swift; sourceTree = "<group>"; };
		45A57FA71F357C26001F5C1A /* ChangeUserInfomationViewController.swift */ = {isa = PBXFileReference; fileEncoding = 4; lastKnownFileType = sourcecode.swift; path = ChangeUserInfomationViewController.swift; sourceTree = "<group>"; };
		45A57FA91F357C45001F5C1A /* SelfDescriptionTableViewCell.swift */ = {isa = PBXFileReference; fileEncoding = 4; lastKnownFileType = sourcecode.swift; path = SelfDescriptionTableViewCell.swift; sourceTree = "<group>"; };
		45A57FAB1F357C4C001F5C1A /* ProfileImageTableViewCell.swift */ = {isa = PBXFileReference; fileEncoding = 4; lastKnownFileType = sourcecode.swift; path = ProfileImageTableViewCell.swift; sourceTree = "<group>"; };
		45A57FAD1F357C56001F5C1A /* ProfileTableViewCell.swift */ = {isa = PBXFileReference; fileEncoding = 4; lastKnownFileType = sourcecode.swift; path = ProfileTableViewCell.swift; sourceTree = "<group>"; };
		45A57FAF1F357C5D001F5C1A /* DetailChangeUserInfoViewController.swift */ = {isa = PBXFileReference; fileEncoding = 4; lastKnownFileType = sourcecode.swift; path = DetailChangeUserInfoViewController.swift; sourceTree = "<group>"; };
		45A57FB11F357C6F001F5C1A /* DetailLogInViewController.swift */ = {isa = PBXFileReference; fileEncoding = 4; lastKnownFileType = sourcecode.swift; path = DetailLogInViewController.swift; sourceTree = "<group>"; };
		575D7D2BB1253DC83223CD2A /* Pods-EClass.debug.xcconfig */ = {isa = PBXFileReference; includeInIndex = 1; lastKnownFileType = text.xcconfig; name = "Pods-EClass.debug.xcconfig"; path = "Pods/Target Support Files/Pods-EClass/Pods-EClass.debug.xcconfig"; sourceTree = "<group>"; };
		7505F5121F4EA955007A75F2 /* enter.gif */ = {isa = PBXFileReference; lastKnownFileType = image.gif; path = enter.gif; sourceTree = "<group>"; };
		7505F5141F4EA9F2007A75F2 /* whysoserious.gif */ = {isa = PBXFileReference; lastKnownFileType = image.gif; path = whysoserious.gif; sourceTree = "<group>"; };
		7505F5161F4EDD42007A75F2 /* LectureImagesViewController.swift */ = {isa = PBXFileReference; fileEncoding = 4; lastKnownFileType = sourcecode.swift; path = LectureImagesViewController.swift; sourceTree = "<group>"; };
		7518F5131F468FB50088ED19 /* Constant.swift */ = {isa = PBXFileReference; fileEncoding = 4; lastKnownFileType = sourcecode.swift; path = Constant.swift; sourceTree = "<group>"; };
		7518F5191F489E610088ED19 /* LetureRegistViewController.swift */ = {isa = PBXFileReference; fileEncoding = 4; lastKnownFileType = sourcecode.swift; path = LetureRegistViewController.swift; sourceTree = "<group>"; };
		7518F51B1F49505B0088ED19 /* LectureShowTableCell.swift */ = {isa = PBXFileReference; fileEncoding = 4; lastKnownFileType = sourcecode.swift; path = LectureShowTableCell.swift; sourceTree = "<group>"; };
		7518F51C1F49505B0088ED19 /* LectureShowTableCell.xib */ = {isa = PBXFileReference; fileEncoding = 4; lastKnownFileType = file.xib; path = LectureShowTableCell.xib; sourceTree = "<group>"; };
		7518F51F1F49585C0088ED19 /* ReviewShowTableViewCell.swift */ = {isa = PBXFileReference; fileEncoding = 4; lastKnownFileType = sourcecode.swift; path = ReviewShowTableViewCell.swift; sourceTree = "<group>"; };
		7518F5201F49585C0088ED19 /* ReviewShowTableViewCell.xib */ = {isa = PBXFileReference; fileEncoding = 4; lastKnownFileType = file.xib; path = ReviewShowTableViewCell.xib; sourceTree = "<group>"; };
		752FEB681F4EA24400F53B2C /* WebViewContent.html */ = {isa = PBXFileReference; fileEncoding = 4; lastKnownFileType = text.html; path = WebViewContent.html; sourceTree = "<group>"; };
		752FEB6A1F4EA5BA00F53B2C /* railway.gif */ = {isa = PBXFileReference; lastKnownFileType = image.gif; path = railway.gif; sourceTree = "<group>"; };
		752FEB6C1F4EA7A300F53B2C /* joker.gif */ = {isa = PBXFileReference; lastKnownFileType = image.gif; path = joker.gif; sourceTree = "<group>"; };
		75346BC61F4DB4A000F580FC /* SearchTextViewController.swift */ = {isa = PBXFileReference; fileEncoding = 4; lastKnownFileType = sourcecode.swift; path = SearchTextViewController.swift; sourceTree = "<group>"; };
		75346BCC1F4DD9FF00F580FC /* MakeClassViewController.swift */ = {isa = PBXFileReference; fileEncoding = 4; lastKnownFileType = sourcecode.swift; path = MakeClassViewController.swift; sourceTree = "<group>"; };
		75346BCE1F4E98CA00F580FC /* ronaldo.gif */ = {isa = PBXFileReference; lastKnownFileType = image.gif; path = ronaldo.gif; sourceTree = "<group>"; };
		756439111F5C592400223B45 /* StartViewController.swift */ = {isa = PBXFileReference; fileEncoding = 4; lastKnownFileType = sourcecode.swift; path = StartViewController.swift; sourceTree = "<group>"; };
		758D9CB81F4C1D70005B858D /* StarReview.swift */ = {isa = PBXFileReference; fileEncoding = 4; lastKnownFileType = sourcecode.swift; path = StarReview.swift; sourceTree = "<group>"; };
		7591558E1F3C62C80010686B /* LectureIntroTableViewCell.swift */ = {isa = PBXFileReference; fileEncoding = 4; lastKnownFileType = sourcecode.swift; path = LectureIntroTableViewCell.swift; sourceTree = "<group>"; };
		7591558F1F3C62C80010686B /* LectureIntroTableViewCell.xib */ = {isa = PBXFileReference; fileEncoding = 4; lastKnownFileType = file.xib; path = LectureIntroTableViewCell.xib; sourceTree = "<group>"; };
		759155961F3CA8740010686B /* MapLocationTableViewCell.swift */ = {isa = PBXFileReference; fileEncoding = 4; lastKnownFileType = sourcecode.swift; path = MapLocationTableViewCell.swift; sourceTree = "<group>"; };
		759155971F3CA8740010686B /* MapLocationTableViewCell.xib */ = {isa = PBXFileReference; fileEncoding = 4; lastKnownFileType = file.xib; path = MapLocationTableViewCell.xib; sourceTree = "<group>"; };
		7591559A1F3CB9CD0010686B /* LectureReviewTableViewCell.swift */ = {isa = PBXFileReference; fileEncoding = 4; lastKnownFileType = sourcecode.swift; path = LectureReviewTableViewCell.swift; sourceTree = "<group>"; };
		7591559B1F3CB9CD0010686B /* LectureReviewTableViewCell.xib */ = {isa = PBXFileReference; fileEncoding = 4; lastKnownFileType = file.xib; path = LectureReviewTableViewCell.xib; sourceTree = "<group>"; };
		759155A21F3D8CD60010686B /* LectureImageCollectionViewCell.swift */ = {isa = PBXFileReference; fileEncoding = 4; lastKnownFileType = sourcecode.swift; path = LectureImageCollectionViewCell.swift; sourceTree = "<group>"; };
		759155A31F3D8CD60010686B /* LectureImageCollectionViewCell.xib */ = {isa = PBXFileReference; fileEncoding = 4; lastKnownFileType = file.xib; path = LectureImageCollectionViewCell.xib; sourceTree = "<group>"; };
		759155AA1F414A390010686B /* ReviewShowTableViewController.swift */ = {isa = PBXFileReference; fileEncoding = 4; lastKnownFileType = sourcecode.swift; path = ReviewShowTableViewController.swift; sourceTree = "<group>"; };
		759155AC1F417CE90010686B /* ReviewAddViewController.swift */ = {isa = PBXFileReference; fileEncoding = 4; lastKnownFileType = sourcecode.swift; path = ReviewAddViewController.swift; sourceTree = "<group>"; };
		75BC381D1F39DCE200AA9E96 /* IntroductionTableViewCell.swift */ = {isa = PBXFileReference; fileEncoding = 4; lastKnownFileType = sourcecode.swift; path = IntroductionTableViewCell.swift; sourceTree = "<group>"; };
		75BC38211F3ACDC000AA9E96 /* MainImageTableViewCell.swift */ = {isa = PBXFileReference; fileEncoding = 4; lastKnownFileType = sourcecode.swift; path = MainImageTableViewCell.swift; sourceTree = "<group>"; };
		75BC38271F3ADF6500AA9E96 /* TutorInfoTableViewCell.swift */ = {isa = PBXFileReference; fileEncoding = 4; lastKnownFileType = sourcecode.swift; path = TutorInfoTableViewCell.swift; sourceTree = "<group>"; };
		75BC382B1F3AF36600AA9E96 /* TutorDetailTableViewCell.swift */ = {isa = PBXFileReference; fileEncoding = 4; lastKnownFileType = sourcecode.swift; path = TutorDetailTableViewCell.swift; sourceTree = "<group>"; };
		75BC382C1F3AF36600AA9E96 /* TutorDetailTableViewCell.xib */ = {isa = PBXFileReference; fileEncoding = 4; lastKnownFileType = file.xib; path = TutorDetailTableViewCell.xib; sourceTree = "<group>"; };
		75BC382F1F3AF56500AA9E96 /* SimpleImageTableViewCell.swift */ = {isa = PBXFileReference; fileEncoding = 4; lastKnownFileType = sourcecode.swift; path = SimpleImageTableViewCell.swift; sourceTree = "<group>"; };
		75C416DF1F4EE5FA0025AB9E /* LecturePhotoCollectionViewCell.swift */ = {isa = PBXFileReference; fileEncoding = 4; lastKnownFileType = sourcecode.swift; path = LecturePhotoCollectionViewCell.swift; sourceTree = "<group>"; };
		75D1B2061F3575F80068C20C /* EClass.app */ = {isa = PBXFileReference; explicitFileType = wrapper.application; includeInIndex = 0; path = EClass.app; sourceTree = BUILT_PRODUCTS_DIR; };
		75D1B2101F3575F80068C20C /* Assets.xcassets */ = {isa = PBXFileReference; lastKnownFileType = folder.assetcatalog; path = Assets.xcassets; sourceTree = "<group>"; };
		75D1B2131F3575F80068C20C /* Base */ = {isa = PBXFileReference; lastKnownFileType = file.storyboard; name = Base; path = Base.lproj/LaunchScreen.storyboard; sourceTree = "<group>"; };
		75D1B2151F3575F80068C20C /* Info.plist */ = {isa = PBXFileReference; lastKnownFileType = text.plist.xml; path = Info.plist; sourceTree = "<group>"; };
		75D1B21D1F357C3C0068C20C /* MainTableViewController.swift */ = {isa = PBXFileReference; fileEncoding = 4; lastKnownFileType = sourcecode.swift; path = MainTableViewController.swift; sourceTree = "<group>"; };
		75D1B27E1F357C6A0068C20C /* MainPage.storyboard */ = {isa = PBXFileReference; fileEncoding = 4; lastKnownFileType = file.storyboard; path = MainPage.storyboard; sourceTree = "<group>"; };
		75D1B27F1F357C6A0068C20C /* RecommendCollectionViewCell.swift */ = {isa = PBXFileReference; fileEncoding = 4; lastKnownFileType = sourcecode.swift; path = RecommendCollectionViewCell.swift; sourceTree = "<group>"; };
		75D1B2801F357C6A0068C20C /* RecommendTableViewCell.swift */ = {isa = PBXFileReference; fileEncoding = 4; lastKnownFileType = sourcecode.swift; path = RecommendTableViewCell.swift; sourceTree = "<group>"; };
		75D1B2811F357C6A0068C20C /* CategoryTableViewCell.swift */ = {isa = PBXFileReference; fileEncoding = 4; lastKnownFileType = sourcecode.swift; path = CategoryTableViewCell.swift; sourceTree = "<group>"; };
		75D1B2821F357C6A0068C20C /* CategoryCollectionViewCell.swift */ = {isa = PBXFileReference; fileEncoding = 4; lastKnownFileType = sourcecode.swift; path = CategoryCollectionViewCell.swift; sourceTree = "<group>"; };
		75D1B2831F357C6A0068C20C /* LocationTableViewCell.swift */ = {isa = PBXFileReference; fileEncoding = 4; lastKnownFileType = sourcecode.swift; path = LocationTableViewCell.swift; sourceTree = "<group>"; };
		75D1B2841F357C6A0068C20C /* LocationCollectionViewCell.swift */ = {isa = PBXFileReference; fileEncoding = 4; lastKnownFileType = sourcecode.swift; path = LocationCollectionViewCell.swift; sourceTree = "<group>"; };
		75D1B28C1F357C810068C20C /* DetailPage.storyboard */ = {isa = PBXFileReference; fileEncoding = 4; lastKnownFileType = file.storyboard; path = DetailPage.storyboard; sourceTree = "<group>"; };
		75D1B28D1F357C810068C20C /* DetailTableViewController.swift */ = {isa = PBXFileReference; fileEncoding = 4; lastKnownFileType = sourcecode.swift; path = DetailTableViewController.swift; sourceTree = "<group>"; };
		75D1B2901F357C8D0068C20C /* SearchPage.storyboard */ = {isa = PBXFileReference; fileEncoding = 4; lastKnownFileType = file.storyboard; path = SearchPage.storyboard; sourceTree = "<group>"; };
		75D1B2911F357C8D0068C20C /* LocationSelect.storyboard */ = {isa = PBXFileReference; fileEncoding = 4; lastKnownFileType = file.storyboard; path = LocationSelect.storyboard; sourceTree = "<group>"; };
		75D1B2921F357C8D0068C20C /* CategorySelect.storyboard */ = {isa = PBXFileReference; fileEncoding = 4; lastKnownFileType = file.storyboard; path = CategorySelect.storyboard; sourceTree = "<group>"; };
		75D1B2931F357C8D0068C20C /* CategorySelectViewController.swift */ = {isa = PBXFileReference; fileEncoding = 4; lastKnownFileType = sourcecode.swift; path = CategorySelectViewController.swift; sourceTree = "<group>"; };
		75D1B2941F357C8D0068C20C /* SearchViewController.swift */ = {isa = PBXFileReference; fileEncoding = 4; lastKnownFileType = sourcecode.swift; path = SearchViewController.swift; sourceTree = "<group>"; };
		75D1B2951F357C8D0068C20C /* LocationSelectViewController.swift */ = {isa = PBXFileReference; fileEncoding = 4; lastKnownFileType = sourcecode.swift; path = LocationSelectViewController.swift; sourceTree = "<group>"; };
		75D1B29C1F357CB40068C20C /* pac-man-logo.gif */ = {isa = PBXFileReference; lastKnownFileType = image.gif; path = "pac-man-logo.gif"; sourceTree = "<group>"; };
		75D1B29D1F357CB40068C20C /* five.jpg */ = {isa = PBXFileReference; lastKnownFileType = image.jpeg; path = five.jpg; sourceTree = "<group>"; };
		75D1B2A01F3581D10068C20C /* AppDelegate.swift */ = {isa = PBXFileReference; fileEncoding = 4; lastKnownFileType = sourcecode.swift; path = AppDelegate.swift; sourceTree = "<group>"; };
		A54FF905BECFE602411DC250 /* Pods-EClass.release.xcconfig */ = {isa = PBXFileReference; includeInIndex = 1; lastKnownFileType = text.xcconfig; name = "Pods-EClass.release.xcconfig"; path = "Pods/Target Support Files/Pods-EClass/Pods-EClass.release.xcconfig"; sourceTree = "<group>"; };
		A979C041A7CCF9B1C070F361 /* Pods_EClass.framework */ = {isa = PBXFileReference; explicitFileType = wrapper.framework; includeInIndex = 0; path = Pods_EClass.framework; sourceTree = BUILT_PRODUCTS_DIR; };
/* End PBXFileReference section */

/* Begin PBXFrameworksBuildPhase section */
		75D1B2031F3575F80068C20C /* Frameworks */ = {
			isa = PBXFrameworksBuildPhase;
			buildActionMask = 2147483647;
			files = (
				7938897566E942ADED17E528 /* Pods_EClass.framework in Frameworks */,
			);
			runOnlyForDeploymentPostprocessing = 0;
		};
/* End PBXFrameworksBuildPhase section */

/* Begin PBXGroup section */
		0B2A075CF18C6DDDCAA28AE6 /* Frameworks */ = {
			isa = PBXGroup;
			children = (
				A979C041A7CCF9B1C070F361 /* Pods_EClass.framework */,
			);
			name = Frameworks;
			sourceTree = "<group>";
		};
		13605AFEDA6D8F09765386D4 /* Pods */ = {
			isa = PBXGroup;
			children = (
				575D7D2BB1253DC83223CD2A /* Pods-EClass.debug.xcconfig */,
				A54FF905BECFE602411DC250 /* Pods-EClass.release.xcconfig */,
			);
			name = Pods;
			sourceTree = "<group>";
		};
		451BC8051F4D68C700D11AA6 /* RegisterLectureImage */ = {
			isa = PBXGroup;
			children = (
				451BC8061F4D68C700D11AA6 /* register0.png */,
				451BC8071F4D68C700D11AA6 /* register1.png */,
				451BC8081F4D68C700D11AA6 /* register2.png */,
				451BC83C1F4E98BB00D11AA6 /* register3.jpg */,
			);
			name = RegisterLectureImage;
			path = sports/RegisterLectureImage;
			sourceTree = "<group>";
		};
		45264BF91F47095200933C50 /* computer */ = {
			isa = PBXGroup;
			children = (
				45264BFA1F47095200933C50 /* computer0.png */,
				45264BFB1F47095200933C50 /* computer1.png */,
				45264BFC1F47095200933C50 /* computer2.png */,
				45264BFD1F47095200933C50 /* computer3.png */,
				45264BFE1F47095200933C50 /* computer4.png */,
				45264BFF1F47095200933C50 /* computer5.png */,
				45264C001F47095200933C50 /* computer6.png */,
				45264C011F47095200933C50 /* computer7.png */,
				45264C021F47095200933C50 /* computer8.png */,
			);
			path = computer;
			sourceTree = "<group>";
		};
		45264C0C1F47096100933C50 /* language */ = {
			isa = PBXGroup;
			children = (
				45264C411F47097200933C50 /* major */,
				45264C0D1F47096100933C50 /* language0.png */,
				45264C0E1F47096100933C50 /* language1.png */,
				45264C0F1F47096100933C50 /* language2.png */,
				45264C101F47096100933C50 /* language3.png */,
				45264C111F47096100933C50 /* language4.png */,
				45264C121F47096100933C50 /* language5.png */,
				45264C131F47096100933C50 /* language6.png */,
				45264C141F47096100933C50 /* language7.png */,
			);
			path = language;
			sourceTree = "<group>";
		};
		45264C1D1F47096600933C50 /* health */ = {
			isa = PBXGroup;
			children = (
				45264C1E1F47096600933C50 /* health0.png */,
				45264C1F1F47096600933C50 /* health1.png */,
				45264C201F47096600933C50 /* health2.png */,
				45264C211F47096600933C50 /* health3.png */,
				45264C221F47096600933C50 /* health4.png */,
				45264C231F47096600933C50 /* health5.png */,
				45264C241F47096600933C50 /* health6.png */,
				45264C251F47096600933C50 /* health7.png */,
			);
			path = health;
			sourceTree = "<group>";
		};
		45264C2E1F47096B00933C50 /* music */ = {
			isa = PBXGroup;
			children = (
				45264C2F1F47096B00933C50 /* music0.png */,
				45264C301F47096B00933C50 /* music1.png */,
				45264C311F47096B00933C50 /* music2.png */,
				45264C321F47096B00933C50 /* music3.png */,
				45264C331F47096B00933C50 /* music4.png */,
				45264C341F47096B00933C50 /* music5.png */,
				45264C351F47096B00933C50 /* music6.png */,
				45264C361F47096B00933C50 /* music7.png */,
				45264C371F47096B00933C50 /* music8.png */,
			);
			path = music;
			sourceTree = "<group>";
		};
		45264C411F47097200933C50 /* major */ = {
			isa = PBXGroup;
			children = (
				45264C421F47097200933C50 /* major0.png */,
				45264C431F47097200933C50 /* major1.png */,
				45264C441F47097200933C50 /* major2.png */,
				45264C451F47097200933C50 /* major3.png */,
				45264C461F47097200933C50 /* major4.png */,
				45264C471F47097200933C50 /* major5.png */,
				45264C481F47097200933C50 /* major6.png */,
				45264C491F47097200933C50 /* major7.png */,
			);
			name = major;
			path = ../major;
			sourceTree = "<group>";
		};
		45264C521F47097700933C50 /* hobby */ = {
			isa = PBXGroup;
			children = (
				45264C531F47097700933C50 /* hobby0.png */,
				45264C541F47097700933C50 /* hobby1.png */,
				45264C551F47097700933C50 /* hobby2.png */,
				45264C561F47097700933C50 /* hobby3.png */,
				45264C571F47097700933C50 /* hobby4.png */,
				45264C581F47097700933C50 /* hobby5.png */,
				45264C591F47097700933C50 /* hobby6.png */,
				45264C5A1F47097700933C50 /* hobby7.png */,
			);
			path = hobby;
			sourceTree = "<group>";
		};
		45264C631F47097C00933C50 /* sports */ = {
			isa = PBXGroup;
			children = (
				45264C641F47097C00933C50 /* sports0.png */,
				45264C651F47097C00933C50 /* sports1.png */,
				45264C661F47097C00933C50 /* sports2.png */,
				45264C671F47097C00933C50 /* sports3.png */,
				45264C681F47097C00933C50 /* sports4.png */,
				45264C691F47097C00933C50 /* sports5.png */,
				45264C6A1F47097C00933C50 /* sports6.png */,
				45264C6B1F47097C00933C50 /* sports7.png */,
				45264C6C1F47097C00933C50 /* sports8.png */,
			);
			path = sports;
			sourceTree = "<group>";
		};
		45264C761F47D71800933C50 /* icon */ = {
			isa = PBXGroup;
			children = (
			);
			path = icon;
			sourceTree = "<group>";
		};
		45264C8B1F47E67A00933C50 /* profileIcon */ = {
			isa = PBXGroup;
			children = (
				451BC8011F4D5D8600D11AA6 /* 6.png */,
				451BC8031F4D64B700D11AA6 /* 7.png */,
				451BC8181F4D935C00D11AA6 /* 5.png */,
				45264C8C1F47E67A00933C50 /* 8.png */,
				45264C8D1F47E67A00933C50 /* 9.png */,
				45264C8E1F47E67A00933C50 /* 10.png */,
				45264C8F1F47E67A00933C50 /* 11.png */,
			);
			path = profileIcon;
			sourceTree = "<group>";
		};
		45A57FB31F357C89001F5C1A /* LogInViewControllers */ = {
			isa = PBXGroup;
			children = (
				752FEB681F4EA24400F53B2C /* WebViewContent.html */,
				45A57FA31F357C12001F5C1A /* LogInViewController.swift */,
				7505F5141F4EA9F2007A75F2 /* whysoserious.gif */,
				45A57FB11F357C6F001F5C1A /* DetailLogInViewController.swift */,
				45A57FA51F357C1D001F5C1A /* SignUpViewController.swift */,
				7505F5121F4EA955007A75F2 /* enter.gif */,
				752FEB6C1F4EA7A300F53B2C /* joker.gif */,
				752FEB6A1F4EA5BA00F53B2C /* railway.gif */,
			);
			name = LogInViewControllers;
			sourceTree = "<group>";
		};
		45A57FB41F357C9D001F5C1A /* ChangeUserInformationVIewCOntrollers */ = {
			isa = PBXGroup;
			children = (
				45264C8B1F47E67A00933C50 /* profileIcon */,
				45A57FA71F357C26001F5C1A /* ChangeUserInfomationViewController.swift */,
				45A57FA91F357C45001F5C1A /* SelfDescriptionTableViewCell.swift */,
				451BC7FD1F4D519700D11AA6 /* ChangePasswordViewController.swift */,
				45264B701F3C962E00933C50 /* SlideOutMenu.storyboard */,
				45264B021F3C7E5B00933C50 /* InputUserDataTableViewCell.swift */,
				45A57FAB1F357C4C001F5C1A /* ProfileImageTableViewCell.swift */,
				45264B001F3C7DDB00933C50 /* InputUserGenderTableViewCell.swift */,
				45A57FAD1F357C56001F5C1A /* ProfileTableViewCell.swift */,
				45A57FAF1F357C5D001F5C1A /* DetailChangeUserInfoViewController.swift */,
				45264C941F47EA2C00933C50 /* ChangeSelfDescriptionTableViewCell.swift */,
				451BC8101F4D734C00D11AA6 /* RegisterTutor.storyboard */,
				451BC8161F4D813400D11AA6 /* RegisterTutorTableViewCell3.swift */,
				451BC8121F4D748A00D11AA6 /* RegisterTutorTableViewCell1.swift */,
				451BC8141F4D758F00D11AA6 /* RegisterTutorTableViewCell2.swift */,
				451BC80E1F4D733F00D11AA6 /* RegisterTutorViewController.swift */,
			);
			name = ChangeUserInformationVIewCOntrollers;
			sourceTree = "<group>";
		};
		75BC381C1F39903C00AA9E96 /* SearchSection */ = {
			isa = PBXGroup;
			children = (
				75D1B2901F357C8D0068C20C /* SearchPage.storyboard */,
				75D1B2911F357C8D0068C20C /* LocationSelect.storyboard */,
				75D1B2921F357C8D0068C20C /* CategorySelect.storyboard */,
				75D1B2931F357C8D0068C20C /* CategorySelectViewController.swift */,
				75D1B2941F357C8D0068C20C /* SearchViewController.swift */,
				75D1B2951F357C8D0068C20C /* LocationSelectViewController.swift */,
				45264CB61F4884F600933C50 /* passion2.png */,
				45264CBA1F48850400933C50 /* passion0.png */,
				45264CB81F4884FE00933C50 /* passion1.png */,
			);
			name = SearchSection;
			sourceTree = "<group>";
		};
		75BC381F1F3AC6C200AA9E96 /* DetailPage */ = {
			isa = PBXGroup;
			children = (
				75D1B28C1F357C810068C20C /* DetailPage.storyboard */,
				7518F5191F489E610088ED19 /* LetureRegistViewController.swift */,
				759155AC1F417CE90010686B /* ReviewAddViewController.swift */,
				759155AA1F414A390010686B /* ReviewShowTableViewController.swift */,
				7591559A1F3CB9CD0010686B /* LectureReviewTableViewCell.swift */,
				7518F51F1F49585C0088ED19 /* ReviewShowTableViewCell.swift */,
				7518F5201F49585C0088ED19 /* ReviewShowTableViewCell.xib */,
				7591559B1F3CB9CD0010686B /* LectureReviewTableViewCell.xib */,
				7518F51B1F49505B0088ED19 /* LectureShowTableCell.swift */,
				7518F51C1F49505B0088ED19 /* LectureShowTableCell.xib */,
				759155961F3CA8740010686B /* MapLocationTableViewCell.swift */,
				759155971F3CA8740010686B /* MapLocationTableViewCell.xib */,
				75BC382F1F3AF56500AA9E96 /* SimpleImageTableViewCell.swift */,
				75BC382B1F3AF36600AA9E96 /* TutorDetailTableViewCell.swift */,
				75BC382C1F3AF36600AA9E96 /* TutorDetailTableViewCell.xib */,
				7591558E1F3C62C80010686B /* LectureIntroTableViewCell.swift */,
				7591558F1F3C62C80010686B /* LectureIntroTableViewCell.xib */,
				75BC38271F3ADF6500AA9E96 /* TutorInfoTableViewCell.swift */,
				75D1B28D1F357C810068C20C /* DetailTableViewController.swift */,
				7518F5131F468FB50088ED19 /* Constant.swift */,
				759155A21F3D8CD60010686B /* LectureImageCollectionViewCell.swift */,
				759155A31F3D8CD60010686B /* LectureImageCollectionViewCell.xib */,
				75BC38211F3ACDC000AA9E96 /* MainImageTableViewCell.swift */,
				75BC381D1F39DCE200AA9E96 /* IntroductionTableViewCell.swift */,
				45264BC81F454D6C00933C50 /* RegisterLecture.storyboard */,
				75C416DF1F4EE5FA0025AB9E /* LecturePhotoCollectionViewCell.swift */,
				7505F5161F4EDD42007A75F2 /* LectureImagesViewController.swift */,
				75346BCC1F4DD9FF00F580FC /* MakeClassViewController.swift */,
				45264BCC1F46245F00933C50 /* RegisterLectureSecondViewController.swift */,
				45264BCE1F46C9EC00933C50 /* RegisterLectureThirdViewController.swift */,
				45264BCA1F46245100933C50 /* RegisterLectureFirstViewController.swift */,
				45264BD01F46C9FC00933C50 /* RegisterLectureFourthViewController.swift */,
				758D9CB81F4C1D70005B858D /* StarReview.swift */,
			);
			name = DetailPage;
			sourceTree = "<group>";
		};
		75BC38201F3AC6D000AA9E96 /* MainPage */ = {
			isa = PBXGroup;
			children = (
				75D1B27E1F357C6A0068C20C /* MainPage.storyboard */,
				75346BC61F4DB4A000F580FC /* SearchTextViewController.swift */,
				75D1B2A01F3581D10068C20C /* AppDelegate.swift */,
				75D1B21D1F357C3C0068C20C /* MainTableViewController.swift */,
				75D1B27F1F357C6A0068C20C /* RecommendCollectionViewCell.swift */,
				75D1B2801F357C6A0068C20C /* RecommendTableViewCell.swift */,
				75D1B2811F357C6A0068C20C /* CategoryTableViewCell.swift */,
				75D1B2821F357C6A0068C20C /* CategoryCollectionViewCell.swift */,
				45264BAC1F3D842500933C50 /* RearUserInfoViewController.swift */,
				45264BB21F3D982900933C50 /* ListOfLecture.storyboard */,
				75D1B2831F357C6A0068C20C /* LocationTableViewCell.swift */,
				75D1B2841F357C6A0068C20C /* LocationCollectionViewCell.swift */,
				75346BCE1F4E98CA00F580FC /* ronaldo.gif */,
				45264BB41F3D9ADF00933C50 /* ListOfLectureTableViewCell.swift */,
				45264BBC1F3DAC5600933C50 /* ListOfLectureViewController.swift */,
				45264BC61F3F5A4800933C50 /* FAQViewController.storyboard */,
				45264BC01F3F546B00933C50 /* FAQViewController.swift */,
				45264BB01F3D85E900933C50 /* RearSettingTableViewCell.swift */,
				45264BC21F3F573D00933C50 /* FAQTableViewCell.swift */,
				45264BC31F3F573D00933C50 /* FAQTableViewCell.xib */,
				45264BAE1F3D85CF00933C50 /* RearProfileImageTableViewCell.swift */,
				45264C761F47D71800933C50 /* icon */,
				451BC8051F4D68C700D11AA6 /* RegisterLectureImage */,
				45264C631F47097C00933C50 /* sports */,
				45264C521F47097700933C50 /* hobby */,
				45264C2E1F47096B00933C50 /* music */,
				45264C1D1F47096600933C50 /* health */,
				45264C0C1F47096100933C50 /* language */,
				45264BF91F47095200933C50 /* computer */,
			);
			name = MainPage;
			sourceTree = "<group>";
		};
		75D1B1FD1F3575F80068C20C = {
			isa = PBXGroup;
			children = (
				75D1B2081F3575F80068C20C /* EClass */,
				75D1B2071F3575F80068C20C /* Products */,
				13605AFEDA6D8F09765386D4 /* Pods */,
				0B2A075CF18C6DDDCAA28AE6 /* Frameworks */,
			);
			sourceTree = "<group>";
		};
		75D1B2071F3575F80068C20C /* Products */ = {
			isa = PBXGroup;
			children = (
				75D1B2061F3575F80068C20C /* EClass.app */,
			);
			name = Products;
			sourceTree = "<group>";
		};
		75D1B2081F3575F80068C20C /* EClass */ = {
			isa = PBXGroup;
			children = (
				75D1B2121F3575F80068C20C /* LaunchScreen.storyboard */,
				45264C961F47EEB600933C50 /* elass_logo.png */,
				75BC38201F3AC6D000AA9E96 /* MainPage */,
				75D1B2101F3575F80068C20C /* Assets.xcassets */,
				45264BD21F46FB4B00933C50 /* eclass.mp4 */,
				75BC381F1F3AC6C200AA9E96 /* DetailPage */,
				75BC381C1F39903C00AA9E96 /* SearchSection */,
				75D1B2151F3575F80068C20C /* Info.plist */,
				75D1B29C1F357CB40068C20C /* pac-man-logo.gif */,
				75D1B29D1F357CB40068C20C /* five.jpg */,
				45264BBE1F3DB3BD00933C50 /* AssignLecture.storyboard */,
				45264B731F3C972B00933C50 /* SWRevealViewController.h */,
				45264B741F3C972B00933C50 /* SWRevealViewController.m */,
				45A57FB31F357C89001F5C1A /* LogInViewControllers */,
				45A57FA11F357BE5001F5C1A /* Main2.storyboard */,
				756439111F5C592400223B45 /* StartViewController.swift */,
				45A57F9F1F357BB0001F5C1A /* DataCenter.swift */,
				45264B6C1F3C857500933C50 /* UserInformationPopupView.swift */,
				45264B6D1F3C857500933C50 /* UserInformationPopupView.xib */,
				451BC80C1F4D6ACC00D11AA6 /* noImage.png */,
				451BC7FF1F4D52C400D11AA6 /* lock.jpeg */,
				45A57FB41F357C9D001F5C1A /* ChangeUserInformationVIewCOntrollers */,
				45264B721F3C972A00933C50 /* EClass-Bridging-Header.h */,
			);
			path = EClass;
			sourceTree = "<group>";
		};
/* End PBXGroup section */

/* Begin PBXNativeTarget section */
		75D1B2051F3575F80068C20C /* EClass */ = {
			isa = PBXNativeTarget;
			buildConfigurationList = 75D1B2181F3575F80068C20C /* Build configuration list for PBXNativeTarget "EClass" */;
			buildPhases = (
				92A7AB10711364A470F84839 /* [CP] Check Pods Manifest.lock */,
				75D1B2021F3575F80068C20C /* Sources */,
				75D1B2031F3575F80068C20C /* Frameworks */,
				75D1B2041F3575F80068C20C /* Resources */,
				D383570EA9008007FC4E37A3 /* [CP] Embed Pods Frameworks */,
				5C2430AB49689EB616698003 /* [CP] Copy Pods Resources */,
			);
			buildRules = (
			);
			dependencies = (
			);
			name = EClass;
			productName = EClass;
			productReference = 75D1B2061F3575F80068C20C /* EClass.app */;
			productType = "com.apple.product-type.application";
		};
/* End PBXNativeTarget section */

/* Begin PBXProject section */
		75D1B1FE1F3575F80068C20C /* Project object */ = {
			isa = PBXProject;
			attributes = {
				LastSwiftUpdateCheck = 0830;
				LastUpgradeCheck = 0830;
				ORGANIZATIONNAME = "Kang Seongchan";
				TargetAttributes = {
					75D1B2051F3575F80068C20C = {
						CreatedOnToolsVersion = 8.3.3;
						DevelopmentTeam = QV6Q7SLDQ7;
						LastSwiftMigration = 0830;
						ProvisioningStyle = Automatic;
					};
				};
			};
			buildConfigurationList = 75D1B2011F3575F80068C20C /* Build configuration list for PBXProject "EClass" */;
			compatibilityVersion = "Xcode 3.2";
			developmentRegion = English;
			hasScannedForEncodings = 0;
			knownRegions = (
				en,
				Base,
			);
			mainGroup = 75D1B1FD1F3575F80068C20C;
			productRefGroup = 75D1B2071F3575F80068C20C /* Products */;
			projectDirPath = "";
			projectRoot = "";
			targets = (
				75D1B2051F3575F80068C20C /* EClass */,
			);
		};
/* End PBXProject section */

/* Begin PBXResourcesBuildPhase section */
		75D1B2041F3575F80068C20C /* Resources */ = {
			isa = PBXResourcesBuildPhase;
			buildActionMask = 2147483647;
			files = (
				45264C081F47095300933C50 /* computer5.png in Resources */,
				759155911F3C62C80010686B /* LectureIntroTableViewCell.xib in Resources */,
				45264C2A1F47096600933C50 /* health4.png in Resources */,
				45264CB91F4884FE00933C50 /* passion1.png in Resources */,
				45264CB71F4884F700933C50 /* passion2.png in Resources */,
				45264C4A1F47097200933C50 /* major0.png in Resources */,
				7518F51E1F49505B0088ED19 /* LectureShowTableCell.xib in Resources */,
				45264C3D1F47096B00933C50 /* music5.png in Resources */,
				752FEB6B1F4EA5BA00F53B2C /* railway.gif in Resources */,
				45264C6D1F47097C00933C50 /* sports0.png in Resources */,
				759155A51F3D8CD60010686B /* LectureImageCollectionViewCell.xib in Resources */,
				451BC8041F4D64B700D11AA6 /* 7.png in Resources */,
				45264C501F47097200933C50 /* major6.png in Resources */,
				7505F5131F4EA955007A75F2 /* enter.gif in Resources */,
				45264C751F47097C00933C50 /* sports8.png in Resources */,
				45264C711F47097C00933C50 /* sports4.png in Resources */,
				45264C6F1F47097C00933C50 /* sports2.png in Resources */,
				45264C061F47095300933C50 /* computer3.png in Resources */,
				451BC8091F4D68C700D11AA6 /* register0.png in Resources */,
				45264C5E1F47097700933C50 /* hobby3.png in Resources */,
				451BC8021F4D5D8600D11AA6 /* 6.png in Resources */,
				45264C4B1F47097200933C50 /* major1.png in Resources */,
				45264C2C1F47096600933C50 /* health6.png in Resources */,
				45264C3F1F47096B00933C50 /* music7.png in Resources */,
				45264C4F1F47097200933C50 /* major5.png in Resources */,
				45264C5B1F47097700933C50 /* hobby0.png in Resources */,
				7505F5151F4EA9F2007A75F2 /* whysoserious.gif in Resources */,
				45264C3E1F47096B00933C50 /* music6.png in Resources */,
				45264C3A1F47096B00933C50 /* music2.png in Resources */,
				45264BC91F454D6C00933C50 /* RegisterLecture.storyboard in Resources */,
				45264C4E1F47097200933C50 /* major4.png in Resources */,
				45264C031F47095300933C50 /* computer0.png in Resources */,
				45264C291F47096600933C50 /* health3.png in Resources */,
				759155991F3CA8740010686B /* MapLocationTableViewCell.xib in Resources */,
				451BC83D1F4E98BB00D11AA6 /* register3.jpg in Resources */,
				45264C181F47096100933C50 /* language3.png in Resources */,
				45264C911F47E67A00933C50 /* 9.png in Resources */,
				75D1B29E1F357CB40068C20C /* pac-man-logo.gif in Resources */,
				45264C6E1F47097C00933C50 /* sports1.png in Resources */,
				45264C2B1F47096600933C50 /* health5.png in Resources */,
				45264C621F47097700933C50 /* hobby7.png in Resources */,
				45264C4D1F47097200933C50 /* major3.png in Resources */,
				45264C3B1F47096B00933C50 /* music3.png in Resources */,
				75D1B29F1F357CB40068C20C /* five.jpg in Resources */,
				45264BBF1F3DB3BD00933C50 /* AssignLecture.storyboard in Resources */,
				45264C2D1F47096600933C50 /* health7.png in Resources */,
				451BC8001F4D52C400D11AA6 /* lock.jpeg in Resources */,
				75BC382E1F3AF36600AA9E96 /* TutorDetailTableViewCell.xib in Resources */,
				45264C721F47097C00933C50 /* sports5.png in Resources */,
				45264C511F47097200933C50 /* major7.png in Resources */,
				75D1B2851F357C6A0068C20C /* MainPage.storyboard in Resources */,
				451BC80D1F4D6ACC00D11AA6 /* noImage.png in Resources */,
				45264C191F47096100933C50 /* language4.png in Resources */,
				451BC80B1F4D68C700D11AA6 /* register2.png in Resources */,
				75D1B28E1F357C810068C20C /* DetailPage.storyboard in Resources */,
				45264C601F47097700933C50 /* hobby5.png in Resources */,
				45264C921F47E67A00933C50 /* 10.png in Resources */,
				45264C4C1F47097200933C50 /* major2.png in Resources */,
				45264BB31F3D982900933C50 /* ListOfLecture.storyboard in Resources */,
				45264BC51F3F573D00933C50 /* FAQTableViewCell.xib in Resources */,
				7518F5221F49585C0088ED19 /* ReviewShowTableViewCell.xib in Resources */,
				45264B711F3C962E00933C50 /* SlideOutMenu.storyboard in Resources */,
				45264C931F47E67A00933C50 /* 11.png in Resources */,
				45264C281F47096600933C50 /* health2.png in Resources */,
				45264C3C1F47096B00933C50 /* music4.png in Resources */,
				45264C151F47096100933C50 /* language0.png in Resources */,
				451BC8111F4D734C00D11AA6 /* RegisterTutor.storyboard in Resources */,
				45264C041F47095300933C50 /* computer1.png in Resources */,
				45264C1C1F47096100933C50 /* language7.png in Resources */,
				45264C381F47096B00933C50 /* music0.png in Resources */,
				45264C071F47095300933C50 /* computer4.png in Resources */,
				45264C051F47095300933C50 /* computer2.png in Resources */,
				752FEB6D1F4EA7A300F53B2C /* joker.gif in Resources */,
				45264C971F47EEB600933C50 /* elass_logo.png in Resources */,
				45264C701F47097C00933C50 /* sports3.png in Resources */,
				45264C5C1F47097700933C50 /* hobby1.png in Resources */,
				451BC8191F4D935C00D11AA6 /* 5.png in Resources */,
				45264C901F47E67A00933C50 /* 8.png in Resources */,
				45264C261F47096600933C50 /* health0.png in Resources */,
				45264C161F47096100933C50 /* language1.png in Resources */,
				75D1B2971F357C8D0068C20C /* LocationSelect.storyboard in Resources */,
				451BC80A1F4D68C700D11AA6 /* register1.png in Resources */,
				75D1B2961F357C8D0068C20C /* SearchPage.storyboard in Resources */,
				45264BD31F46FB4C00933C50 /* eclass.mp4 in Resources */,
				45264C401F47096B00933C50 /* music8.png in Resources */,
				75D1B2141F3575F80068C20C /* LaunchScreen.storyboard in Resources */,
				45264C5F1F47097700933C50 /* hobby4.png in Resources */,
				45264C1A1F47096100933C50 /* language5.png in Resources */,
				45264C171F47096100933C50 /* language2.png in Resources */,
				75D1B2981F357C8D0068C20C /* CategorySelect.storyboard in Resources */,
				45264C731F47097C00933C50 /* sports6.png in Resources */,
				45264C741F47097C00933C50 /* sports7.png in Resources */,
				45264BC71F3F5A4800933C50 /* FAQViewController.storyboard in Resources */,
				45264C5D1F47097700933C50 /* hobby2.png in Resources */,
				45264C0A1F47095300933C50 /* computer7.png in Resources */,
				75D1B2111F3575F80068C20C /* Assets.xcassets in Resources */,
				45264C271F47096600933C50 /* health1.png in Resources */,
				45264C1B1F47096100933C50 /* language6.png in Resources */,
				45264C0B1F47095300933C50 /* computer8.png in Resources */,
				75346BCF1F4E98CA00F580FC /* ronaldo.gif in Resources */,
				45264B6F1F3C857500933C50 /* UserInformationPopupView.xib in Resources */,
				45A57FA21F357BE5001F5C1A /* Main2.storyboard in Resources */,
				45264C611F47097700933C50 /* hobby6.png in Resources */,
				45264CBB1F48850400933C50 /* passion0.png in Resources */,
				45264C091F47095300933C50 /* computer6.png in Resources */,
				752FEB691F4EA24400F53B2C /* WebViewContent.html in Resources */,
				45264C391F47096B00933C50 /* music1.png in Resources */,
				7591559D1F3CB9CD0010686B /* LectureReviewTableViewCell.xib in Resources */,
			);
			runOnlyForDeploymentPostprocessing = 0;
		};
/* End PBXResourcesBuildPhase section */

/* Begin PBXShellScriptBuildPhase section */
		5C2430AB49689EB616698003 /* [CP] Copy Pods Resources */ = {
			isa = PBXShellScriptBuildPhase;
			buildActionMask = 2147483647;
			files = (
			);
			inputPaths = (
			);
			name = "[CP] Copy Pods Resources";
			outputPaths = (
			);
			runOnlyForDeploymentPostprocessing = 0;
			shellPath = /bin/sh;
			shellScript = "\"${SRCROOT}/Pods/Target Support Files/Pods-EClass/Pods-EClass-resources.sh\"\n";
			showEnvVarsInLog = 0;
		};
		92A7AB10711364A470F84839 /* [CP] Check Pods Manifest.lock */ = {
			isa = PBXShellScriptBuildPhase;
			buildActionMask = 2147483647;
			files = (
			);
			inputPaths = (
			);
			name = "[CP] Check Pods Manifest.lock";
			outputPaths = (
			);
			runOnlyForDeploymentPostprocessing = 0;
			shellPath = /bin/sh;
			shellScript = "diff \"${PODS_PODFILE_DIR_PATH}/Podfile.lock\" \"${PODS_ROOT}/Manifest.lock\" > /dev/null\nif [ $? != 0 ] ; then\n    # print error to STDERR\n    echo \"error: The sandbox is not in sync with the Podfile.lock. Run 'pod install' or update your CocoaPods installation.\" >&2\n    exit 1\nfi\n";
			showEnvVarsInLog = 0;
		};
		D383570EA9008007FC4E37A3 /* [CP] Embed Pods Frameworks */ = {
			isa = PBXShellScriptBuildPhase;
			buildActionMask = 2147483647;
			files = (
			);
			inputPaths = (
			);
			name = "[CP] Embed Pods Frameworks";
			outputPaths = (
			);
			runOnlyForDeploymentPostprocessing = 0;
			shellPath = /bin/sh;
			shellScript = "\"${SRCROOT}/Pods/Target Support Files/Pods-EClass/Pods-EClass-frameworks.sh\"\n";
			showEnvVarsInLog = 0;
		};
/* End PBXShellScriptBuildPhase section */

/* Begin PBXSourcesBuildPhase section */
		75D1B2021F3575F80068C20C /* Sources */ = {
			isa = PBXSourcesBuildPhase;
			buildActionMask = 2147483647;
			files = (
				7518F51A1F489E610088ED19 /* LetureRegistViewController.swift in Sources */,
				75D1B2991F357C8D0068C20C /* CategorySelectViewController.swift in Sources */,
				45264BC41F3F573D00933C50 /* FAQTableViewCell.swift in Sources */,
				75D1B2871F357C6A0068C20C /* RecommendTableViewCell.swift in Sources */,
				451BC8151F4D758F00D11AA6 /* RegisterTutorTableViewCell2.swift in Sources */,
				75BC38281F3ADF6500AA9E96 /* TutorInfoTableViewCell.swift in Sources */,
				75D1B28A1F357C6A0068C20C /* LocationTableViewCell.swift in Sources */,
				45264BB51F3D9ADF00933C50 /* ListOfLectureTableViewCell.swift in Sources */,
				75D1B21E1F357C3C0068C20C /* MainTableViewController.swift in Sources */,
				75D1B29B1F357C8D0068C20C /* LocationSelectViewController.swift in Sources */,
				759155AB1F414A390010686B /* ReviewShowTableViewController.swift in Sources */,
				75D1B29A1F357C8D0068C20C /* SearchViewController.swift in Sources */,
				45264BD11F46C9FC00933C50 /* RegisterLectureFourthViewController.swift in Sources */,
				75D1B28B1F357C6A0068C20C /* LocationCollectionViewCell.swift in Sources */,
				75D1B28F1F357C810068C20C /* DetailTableViewController.swift in Sources */,
				45264BCF1F46C9EC00933C50 /* RegisterLectureThirdViewController.swift in Sources */,
				7591559C1F3CB9CD0010686B /* LectureReviewTableViewCell.swift in Sources */,
				45264BCD1F46245F00933C50 /* RegisterLectureSecondViewController.swift in Sources */,
				451BC8131F4D748A00D11AA6 /* RegisterTutorTableViewCell1.swift in Sources */,
				75D1B2861F357C6A0068C20C /* RecommendCollectionViewCell.swift in Sources */,
				45264BBD1F3DAC5600933C50 /* ListOfLectureViewController.swift in Sources */,
				45264BCB1F46245100933C50 /* RegisterLectureFirstViewController.swift in Sources */,
				45264BAF1F3D85CF00933C50 /* RearProfileImageTableViewCell.swift in Sources */,
				45264C951F47EA2C00933C50 /* ChangeSelfDescriptionTableViewCell.swift in Sources */,
				45264B031F3C7E5B00933C50 /* InputUserDataTableViewCell.swift in Sources */,
				759155A41F3D8CD60010686B /* LectureImageCollectionViewCell.swift in Sources */,
				451BC80F1F4D733F00D11AA6 /* RegisterTutorViewController.swift in Sources */,
				75BC38301F3AF56500AA9E96 /* SimpleImageTableViewCell.swift in Sources */,
				75C416E01F4EE5FA0025AB9E /* LecturePhotoCollectionViewCell.swift in Sources */,
				7518F5141F468FB50088ED19 /* Constant.swift in Sources */,
				75D1B2891F357C6A0068C20C /* CategoryCollectionViewCell.swift in Sources */,
				75D1B2881F357C6A0068C20C /* CategoryTableViewCell.swift in Sources */,
				45A57FAA1F357C45001F5C1A /* SelfDescriptionTableViewCell.swift in Sources */,
				45A57FB21F357C6F001F5C1A /* DetailLogInViewController.swift in Sources */,
				45264B011F3C7DDB00933C50 /* InputUserGenderTableViewCell.swift in Sources */,
				759155AD1F417CE90010686B /* ReviewAddViewController.swift in Sources */,
				75BC381E1F39DCE200AA9E96 /* IntroductionTableViewCell.swift in Sources */,
				45A57FAC1F357C4C001F5C1A /* ProfileImageTableViewCell.swift in Sources */,
				75BC38221F3ACDC000AA9E96 /* MainImageTableViewCell.swift in Sources */,
				45A57FA41F357C12001F5C1A /* LogInViewController.swift in Sources */,
				75BC382D1F3AF36600AA9E96 /* TutorDetailTableViewCell.swift in Sources */,
				45264BB11F3D85E900933C50 /* RearSettingTableViewCell.swift in Sources */,
				451BC8171F4D813400D11AA6 /* RegisterTutorTableViewCell3.swift in Sources */,
				45264B6E1F3C857500933C50 /* UserInformationPopupView.swift in Sources */,
				75346BC71F4DB4A000F580FC /* SearchTextViewController.swift in Sources */,
				451BC7FE1F4D519700D11AA6 /* ChangePasswordViewController.swift in Sources */,
				45264B751F3C972B00933C50 /* SWRevealViewController.m in Sources */,
				45A57FAE1F357C56001F5C1A /* ProfileTableViewCell.swift in Sources */,
				75346BCD1F4DD9FF00F580FC /* MakeClassViewController.swift in Sources */,
				45A57FA01F357BB0001F5C1A /* DataCenter.swift in Sources */,
				756439121F5C592400223B45 /* StartViewController.swift in Sources */,
				7518F5211F49585C0088ED19 /* ReviewShowTableViewCell.swift in Sources */,
				45A57FA81F357C26001F5C1A /* ChangeUserInfomationViewController.swift in Sources */,
				75D1B2A11F3581D10068C20C /* AppDelegate.swift in Sources */,
				759155901F3C62C80010686B /* LectureIntroTableViewCell.swift in Sources */,
				7518F51D1F49505B0088ED19 /* LectureShowTableCell.swift in Sources */,
				759155981F3CA8740010686B /* MapLocationTableViewCell.swift in Sources */,
				45A57FB01F357C5D001F5C1A /* DetailChangeUserInfoViewController.swift in Sources */,
				7505F5171F4EDD42007A75F2 /* LectureImagesViewController.swift in Sources */,
				758D9CB91F4C1D70005B858D /* StarReview.swift in Sources */,
				45264BC11F3F546B00933C50 /* FAQViewController.swift in Sources */,
				45264BAD1F3D842500933C50 /* RearUserInfoViewController.swift in Sources */,
				45A57FA61F357C1D001F5C1A /* SignUpViewController.swift in Sources */,
			);
			runOnlyForDeploymentPostprocessing = 0;
		};
/* End PBXSourcesBuildPhase section */

/* Begin PBXVariantGroup section */
		75D1B2121F3575F80068C20C /* LaunchScreen.storyboard */ = {
			isa = PBXVariantGroup;
			children = (
				75D1B2131F3575F80068C20C /* Base */,
			);
			name = LaunchScreen.storyboard;
			sourceTree = "<group>";
		};
/* End PBXVariantGroup section */

/* Begin XCBuildConfiguration section */
		75D1B2161F3575F80068C20C /* Debug */ = {
			isa = XCBuildConfiguration;
			buildSettings = {
				ALWAYS_SEARCH_USER_PATHS = NO;
				CLANG_ANALYZER_NONNULL = YES;
				CLANG_ANALYZER_NUMBER_OBJECT_CONVERSION = YES_AGGRESSIVE;
				CLANG_CXX_LANGUAGE_STANDARD = "gnu++0x";
				CLANG_CXX_LIBRARY = "libc++";
				CLANG_ENABLE_MODULES = YES;
				CLANG_ENABLE_OBJC_ARC = YES;
				CLANG_WARN_BOOL_CONVERSION = YES;
				CLANG_WARN_CONSTANT_CONVERSION = YES;
				CLANG_WARN_DIRECT_OBJC_ISA_USAGE = YES_ERROR;
				CLANG_WARN_DOCUMENTATION_COMMENTS = YES;
				CLANG_WARN_EMPTY_BODY = YES;
				CLANG_WARN_ENUM_CONVERSION = YES;
				CLANG_WARN_INFINITE_RECURSION = YES;
				CLANG_WARN_INT_CONVERSION = YES;
				CLANG_WARN_OBJC_ROOT_CLASS = YES_ERROR;
				CLANG_WARN_SUSPICIOUS_MOVE = YES;
				CLANG_WARN_UNREACHABLE_CODE = YES;
				CLANG_WARN__DUPLICATE_METHOD_MATCH = YES;
				"CODE_SIGN_IDENTITY[sdk=iphoneos*]" = "iPhone Developer";
				COPY_PHASE_STRIP = NO;
				DEBUG_INFORMATION_FORMAT = dwarf;
				ENABLE_STRICT_OBJC_MSGSEND = YES;
				ENABLE_TESTABILITY = YES;
				GCC_C_LANGUAGE_STANDARD = gnu99;
				GCC_DYNAMIC_NO_PIC = NO;
				GCC_NO_COMMON_BLOCKS = YES;
				GCC_OPTIMIZATION_LEVEL = 0;
				GCC_PREPROCESSOR_DEFINITIONS = (
					"DEBUG=1",
					"$(inherited)",
				);
				GCC_WARN_64_TO_32_BIT_CONVERSION = YES;
				GCC_WARN_ABOUT_RETURN_TYPE = YES_ERROR;
				GCC_WARN_UNDECLARED_SELECTOR = YES;
				GCC_WARN_UNINITIALIZED_AUTOS = YES_AGGRESSIVE;
				GCC_WARN_UNUSED_FUNCTION = YES;
				GCC_WARN_UNUSED_VARIABLE = YES;
				IPHONEOS_DEPLOYMENT_TARGET = 10.3;
				MTL_ENABLE_DEBUG_INFO = YES;
				ONLY_ACTIVE_ARCH = YES;
				SDKROOT = iphoneos;
				SWIFT_ACTIVE_COMPILATION_CONDITIONS = DEBUG;
				SWIFT_OPTIMIZATION_LEVEL = "-Onone";
			};
			name = Debug;
		};
		75D1B2171F3575F80068C20C /* Release */ = {
			isa = XCBuildConfiguration;
			buildSettings = {
				ALWAYS_SEARCH_USER_PATHS = NO;
				CLANG_ANALYZER_NONNULL = YES;
				CLANG_ANALYZER_NUMBER_OBJECT_CONVERSION = YES_AGGRESSIVE;
				CLANG_CXX_LANGUAGE_STANDARD = "gnu++0x";
				CLANG_CXX_LIBRARY = "libc++";
				CLANG_ENABLE_MODULES = YES;
				CLANG_ENABLE_OBJC_ARC = YES;
				CLANG_WARN_BOOL_CONVERSION = YES;
				CLANG_WARN_CONSTANT_CONVERSION = YES;
				CLANG_WARN_DIRECT_OBJC_ISA_USAGE = YES_ERROR;
				CLANG_WARN_DOCUMENTATION_COMMENTS = YES;
				CLANG_WARN_EMPTY_BODY = YES;
				CLANG_WARN_ENUM_CONVERSION = YES;
				CLANG_WARN_INFINITE_RECURSION = YES;
				CLANG_WARN_INT_CONVERSION = YES;
				CLANG_WARN_OBJC_ROOT_CLASS = YES_ERROR;
				CLANG_WARN_SUSPICIOUS_MOVE = YES;
				CLANG_WARN_UNREACHABLE_CODE = YES;
				CLANG_WARN__DUPLICATE_METHOD_MATCH = YES;
				"CODE_SIGN_IDENTITY[sdk=iphoneos*]" = "iPhone Developer";
				COPY_PHASE_STRIP = NO;
				DEBUG_INFORMATION_FORMAT = "dwarf-with-dsym";
				ENABLE_NS_ASSERTIONS = NO;
				ENABLE_STRICT_OBJC_MSGSEND = YES;
				GCC_C_LANGUAGE_STANDARD = gnu99;
				GCC_NO_COMMON_BLOCKS = YES;
				GCC_WARN_64_TO_32_BIT_CONVERSION = YES;
				GCC_WARN_ABOUT_RETURN_TYPE = YES_ERROR;
				GCC_WARN_UNDECLARED_SELECTOR = YES;
				GCC_WARN_UNINITIALIZED_AUTOS = YES_AGGRESSIVE;
				GCC_WARN_UNUSED_FUNCTION = YES;
				GCC_WARN_UNUSED_VARIABLE = YES;
				IPHONEOS_DEPLOYMENT_TARGET = 10.3;
				MTL_ENABLE_DEBUG_INFO = NO;
				SDKROOT = iphoneos;
				SWIFT_OPTIMIZATION_LEVEL = "-Owholemodule";
				VALIDATE_PRODUCT = YES;
			};
			name = Release;
		};
		75D1B2191F3575F80068C20C /* Debug */ = {
			isa = XCBuildConfiguration;
			baseConfigurationReference = 575D7D2BB1253DC83223CD2A /* Pods-EClass.debug.xcconfig */;
			buildSettings = {
				ASSETCATALOG_COMPILER_APPICON_NAME = AppIcon;
				CLANG_ENABLE_MODULES = YES;
				DEVELOPMENT_TEAM = QV6Q7SLDQ7;
				INFOPLIST_FILE = EClass/Info.plist;
				LD_RUNPATH_SEARCH_PATHS = "$(inherited) @executable_path/Frameworks";
				PRODUCT_BUNDLE_IDENTIFIER = com.seongchan.EClass1;
				PRODUCT_NAME = "$(TARGET_NAME)";
				SWIFT_OBJC_BRIDGING_HEADER = "EClass/EClass-Bridging-Header.h";
				SWIFT_OPTIMIZATION_LEVEL = "-Onone";
				SWIFT_VERSION = 3.0;
			};
			name = Debug;
		};
		75D1B21A1F3575F80068C20C /* Release */ = {
			isa = XCBuildConfiguration;
			baseConfigurationReference = A54FF905BECFE602411DC250 /* Pods-EClass.release.xcconfig */;
			buildSettings = {
				ASSETCATALOG_COMPILER_APPICON_NAME = AppIcon;
				CLANG_ENABLE_MODULES = YES;
				DEVELOPMENT_TEAM = QV6Q7SLDQ7;
				INFOPLIST_FILE = EClass/Info.plist;
				LD_RUNPATH_SEARCH_PATHS = "$(inherited) @executable_path/Frameworks";
				PRODUCT_BUNDLE_IDENTIFIER = com.seongchan.EClass1;
				PRODUCT_NAME = "$(TARGET_NAME)";
				SWIFT_OBJC_BRIDGING_HEADER = "EClass/EClass-Bridging-Header.h";
				SWIFT_VERSION = 3.0;
			};
			name = Release;
		};
/* End XCBuildConfiguration section */

/* Begin XCConfigurationList section */
		75D1B2011F3575F80068C20C /* Build configuration list for PBXProject "EClass" */ = {
			isa = XCConfigurationList;
			buildConfigurations = (
				75D1B2161F3575F80068C20C /* Debug */,
				75D1B2171F3575F80068C20C /* Release */,
			);
			defaultConfigurationIsVisible = 0;
			defaultConfigurationName = Release;
		};
		75D1B2181F3575F80068C20C /* Build configuration list for PBXNativeTarget "EClass" */ = {
			isa = XCConfigurationList;
			buildConfigurations = (
				75D1B2191F3575F80068C20C /* Debug */,
				75D1B21A1F3575F80068C20C /* Release */,
			);
			defaultConfigurationIsVisible = 0;
			defaultConfigurationName = Release;
		};
/* End XCConfigurationList section */
	};
	rootObject = 75D1B1FE1F3575F80068C20C /* Project object */;
}
